PODS:
  - PerseusDarkMode (1.1.3)
  - PerseusUISystemKit (1.1.2):
    - PerseusDarkMode (= 1.1.3)
  - SwiftLint (0.31.0)
  - SwiftyJSON (4.2.0)

DEPENDENCIES:
  - PerseusUISystemKit (= 1.1.2)
  - SwiftLint (= 0.31.0)
  - SwiftyJSON (= 4.2.0)

SPEC REPOS:
  trunk:
    - PerseusDarkMode
    - PerseusUISystemKit
    - SwiftLint
    - SwiftyJSON

SPEC CHECKSUMS:
  PerseusDarkMode: ae9270161d3f0e4f056df55029b3289f8086c56b
  PerseusUISystemKit: deb15e37f60bf75aecd62e1a3f49f85c03e1b502
  SwiftLint: 7a0227733d786395817373b2d0ca799fd0093ff3
  SwiftyJSON: c4bcba26dd9ec7a027fc8eade48e2c911f229e96

PODFILE CHECKSUM: 5fe02e39fb12c7a683b349a303524d7f39d9192f

COCOAPODS: 1.11.3
