// !$*UTF8*$!
{
	archiveVersion = 1;
	classes = {
	};
	objectVersion = 51;
	objects = {

/* Begin PBXBuildFile section */
		4B01D1BB29A26E5A00FAFFE4 /* UnitTestingProtocols.swift in Sources */ = {isa = PBXBuildFile; fileRef = E0BD36862790B669004C5E7B /* UnitTestingProtocols.swift */; };
		4B01D1BC29A2852E00FAFFE4 /* LocalDataSaver.swift in Sources */ = {isa = PBXBuildFile; fileRef = E0D8253827A5A63400C710F8 /* LocalDataSaver.swift */; };
		4B01D1BD29A2854500FAFFE4 /* Result.swift in Sources */ = {isa = PBXBuildFile; fileRef = 4B6D0CFF299CECD300CD22AB /* Result.swift */; };
		4B01D1BE29A2855200FAFFE4 /* Settings.swift in Sources */ = {isa = PBXBuildFile; fileRef = E09284D9275FE64A0090E267 /* Settings.swift */; };
		4B01D1BF29A2856100FAFFE4 /* GeoLocationReceiver.swift in Sources */ = {isa = PBXBuildFile; fileRef = E0B8B63C276740C700CF5D09 /* GeoLocationReceiver.swift */; };
		4B01D1C029A2859C00FAFFE4 /* LocalizationExtentions.swift in Sources */ = {isa = PBXBuildFile; fileRef = E0C841A3276128B90034E7F2 /* LocalizationExtentions.swift */; };
		4B01D1C129A2861000FAFFE4 /* WeatherLayoutView.swift in Sources */ = {isa = PBXBuildFile; fileRef = E09284CF275E7B3E0090E267 /* WeatherLayoutView.swift */; };
		4B01D1C229A2862500FAFFE4 /* OpenWeatherClient.swift in Sources */ = {isa = PBXBuildFile; fileRef = E0AAF5E92757C49500093229 /* OpenWeatherClient.swift */; };
		4B01D1C329A2863200FAFFE4 /* WeatherDataModel.swift in Sources */ = {isa = PBXBuildFile; fileRef = E05E0E3C2775C11900C3E1E0 /* WeatherDataModel.swift */; };
		4B01D1C429A2865F00FAFFE4 /* WeatherNationalAlertsView.swift in Sources */ = {isa = PBXBuildFile; fileRef = E05E0E2B27738B4D00C3E1E0 /* WeatherNationalAlertsView.swift */; };
		4B01D1C529A2866700FAFFE4 /* WeatherViewModel.swift in Sources */ = {isa = PBXBuildFile; fileRef = E05E0E3A2775AEEB00C3E1E0 /* WeatherViewModel.swift */; };
		4B01D1C629A2866C00FAFFE4 /* DataStructures.swift in Sources */ = {isa = PBXBuildFile; fileRef = E0EAD3C9278899E60019FCD7 /* DataStructures.swift */; };
		4B01D1C729A2867600FAFFE4 /* MainViewController.swift in Sources */ = {isa = PBXBuildFile; fileRef = E0C428C827535BD800E65DFD /* MainViewController.swift */; };
		4B01D1C829A2867C00FAFFE4 /* WeatherDataAutoUpdater.swift in Sources */ = {isa = PBXBuildFile; fileRef = E05E0E4227778F4D00C3E1E0 /* WeatherDataAutoUpdater.swift */; };
		4B01D1C929A2867F00FAFFE4 /* UpdaterHelper.swift in Sources */ = {isa = PBXBuildFile; fileRef = E0BD368B27948AF3004C5E7B /* UpdaterHelper.swift */; };
		4B01D1CA29A2868C00FAFFE4 /* ForecastHourlyView.swift in Sources */ = {isa = PBXBuildFile; fileRef = E05E0E2F2773B80900C3E1E0 /* ForecastHourlyView.swift */; };
		4B01D1CB29A2868F00FAFFE4 /* ForecastDailyView.swift in Sources */ = {isa = PBXBuildFile; fileRef = E05E0E312773B93200C3E1E0 /* ForecastDailyView.swift */; };
		4B01D1CC29A2869100FAFFE4 /* CurrentWeatherView.swift in Sources */ = {isa = PBXBuildFile; fileRef = E05E0E332773B9D100C3E1E0 /* CurrentWeatherView.swift */; };
		4B01D1CD29A2869600FAFFE4 /* WeatherStackView.swift in Sources */ = {isa = PBXBuildFile; fileRef = E05E0E352774878200C3E1E0 /* WeatherStackView.swift */; };
		4B01D1CE29A2869900FAFFE4 /* WeatherWithForecastHourlyStackView.swift in Sources */ = {isa = PBXBuildFile; fileRef = E05E0E2D2773AC5100C3E1E0 /* WeatherWithForecastHourlyStackView.swift */; };
		4B01D1CF29A2869C00FAFFE4 /* WeatherWithForecastDailyStackView.swift in Sources */ = {isa = PBXBuildFile; fileRef = E05E0E2927738AFA00C3E1E0 /* WeatherWithForecastDailyStackView.swift */; };
		4B01D1D029A286A200FAFFE4 /* WeatherViewController.swift in Sources */ = {isa = PBXBuildFile; fileRef = E09284C5275DE4450090E267 /* WeatherViewController.swift */; };
		4B01D1D129A286B000FAFFE4 /* UserPreferences.swift in Sources */ = {isa = PBXBuildFile; fileRef = E09284DD275FFC2B0090E267 /* UserPreferences.swift */; };
		4B01D1D229A286C700FAFFE4 /* DarkModeFunctions.swift in Sources */ = {isa = PBXBuildFile; fileRef = E00F8301288676B3000D0A01 /* DarkModeFunctions.swift */; };
		4B01D1D329A286C900FAFFE4 /* PerseusUISystemKitSingle.swift in Sources */ = {isa = PBXBuildFile; fileRef = 4B6D0D0929A098C800CD22AB /* PerseusUISystemKitSingle.swift */; };
		4B01D1D429A286CE00FAFFE4 /* main.swift in Sources */ = {isa = PBXBuildFile; fileRef = E0C428C427535BD800E65DFD /* main.swift */; };
		4B01D1D529A28AD600FAFFE4 /* AppDelegate.swift in Sources */ = {isa = PBXBuildFile; fileRef = 4BF0F73C299BA3FB00C62924 /* AppDelegate.swift */; };
		4B01D1F429A28B4900FAFFE4 /* currentWeatherData.json in Resources */ = {isa = PBXBuildFile; fileRef = 4B01D1DB29A28B4900FAFFE4 /* currentWeatherData.json */; };
		4B01D1F529A28B4900FAFFE4 /* OpenWeatherCommunicationTests.swift in Sources */ = {isa = PBXBuildFile; fileRef = 4B01D1DC29A28B4900FAFFE4 /* OpenWeatherCommunicationTests.swift */; };
		4B01D1F629A28B4900FAFFE4 /* SettingsBundleFunctionalTests.swift in Sources */ = {isa = PBXBuildFile; fileRef = 4B01D1DE29A28B4900FAFFE4 /* SettingsBundleFunctionalTests.swift */; };
		4B01D1F729A28B4900FAFFE4 /* SettingsBundleTestHelpers.swift in Sources */ = {isa = PBXBuildFile; fileRef = 4B01D1DF29A28B4900FAFFE4 /* SettingsBundleTestHelpers.swift */; };
		4B01D1F829A28B4900FAFFE4 /* WeatherDataAutoUpdaterTests.swift in Sources */ = {isa = PBXBuildFile; fileRef = 4B01D1E129A28B4900FAFFE4 /* WeatherDataAutoUpdaterTests.swift */; };
		4B01D1F929A28B4900FAFFE4 /* UpdaterHelperTests.swift in Sources */ = {isa = PBXBuildFile; fileRef = 4B01D1E229A28B4900FAFFE4 /* UpdaterHelperTests.swift */; };
		4B01D1FA29A28B4900FAFFE4 /* WeatherViewControllerSubstitutes.swift in Sources */ = {isa = PBXBuildFile; fileRef = 4B01D1E429A28B4900FAFFE4 /* WeatherViewControllerSubstitutes.swift */; };
		4B01D1FB29A28B4900FAFFE4 /* MockUpdaterHelper.swift in Sources */ = {isa = PBXBuildFile; fileRef = 4B01D1E529A28B4900FAFFE4 /* MockUpdaterHelper.swift */; };
		4B01D1FC29A28B4900FAFFE4 /* MockWeatherClientService.swift in Sources */ = {isa = PBXBuildFile; fileRef = 4B01D1E629A28B4900FAFFE4 /* MockWeatherClientService.swift */; };
		4B01D1FD29A28B4900FAFFE4 /* MockWeatherUpdaterDelegate.swift in Sources */ = {isa = PBXBuildFile; fileRef = 4B01D1E729A28B4900FAFFE4 /* MockWeatherUpdaterDelegate.swift */; };
		4B01D1FE29A28B4900FAFFE4 /* MockGeoLocationService.swift in Sources */ = {isa = PBXBuildFile; fileRef = 4B01D1E829A28B4900FAFFE4 /* MockGeoLocationService.swift */; };
		4B01D1FF29A28B4900FAFFE4 /* TimerTargetStubbed.swift in Sources */ = {isa = PBXBuildFile; fileRef = 4B01D1E929A28B4900FAFFE4 /* TimerTargetStubbed.swift */; };
		4B01D20029A28B4900FAFFE4 /* LocalDataSaverStubbed.swift in Sources */ = {isa = PBXBuildFile; fileRef = 4B01D1EA29A28B4900FAFFE4 /* LocalDataSaverStubbed.swift */; };
		4B01D20129A28B4900FAFFE4 /* WeatherViewControllerTests.swift in Sources */ = {isa = PBXBuildFile; fileRef = 4B01D1EB29A28B4900FAFFE4 /* WeatherViewControllerTests.swift */; };
		4B01D20229A28B4900FAFFE4 /* defaultLocationRU.json in Resources */ = {isa = PBXBuildFile; fileRef = 4B01D1ED29A28B4900FAFFE4 /* defaultLocationRU.json */; };
		4B01D20329A28B4900FAFFE4 /* alertsOnly.json in Resources */ = {isa = PBXBuildFile; fileRef = 4B01D1EE29A28B4900FAFFE4 /* alertsOnly.json */; };
		4B01D20429A28B4900FAFFE4 /* MainModuleFunctionalTests.swift in Sources */ = {isa = PBXBuildFile; fileRef = 4B01D1F029A28B4900FAFFE4 /* MainModuleFunctionalTests.swift */; };
		4B01D20529A28B4900FAFFE4 /* GeoLocationReceiverTests.swift in Sources */ = {isa = PBXBuildFile; fileRef = 4B01D1F229A28B4900FAFFE4 /* GeoLocationReceiverTests.swift */; };
		4B01D20629A28B4900FAFFE4 /* GeoLocationReceiverSubstitutes.swift in Sources */ = {isa = PBXBuildFile; fileRef = 4B01D1F329A28B4900FAFFE4 /* GeoLocationReceiverSubstitutes.swift */; };
		4B6D0D00299CECD300CD22AB /* Result.swift in Sources */ = {isa = PBXBuildFile; fileRef = 4B6D0CFF299CECD300CD22AB /* Result.swift */; };
		4B6D0D03299EA77F00CD22AB /* main.yml in Resources */ = {isa = PBXBuildFile; fileRef = 4B6D0D02299EA77F00CD22AB /* main.yml */; };
		4B6D0D0829A0979800CD22AB /* SwiftyJSON.swift in Sources */ = {isa = PBXBuildFile; fileRef = 4B6D0D0729A0979800CD22AB /* SwiftyJSON.swift */; };
		4B6D0D0A29A098C800CD22AB /* PerseusUISystemKitSingle.swift in Sources */ = {isa = PBXBuildFile; fileRef = 4B6D0D0929A098C800CD22AB /* PerseusUISystemKitSingle.swift */; };
		4B6D0D0E29A09E7B00CD22AB /* .swiftlint.yml in Resources */ = {isa = PBXBuildFile; fileRef = 4B6D0D0D29A09E7B00CD22AB /* .swiftlint.yml */; };
		4B6D0D1029A0A01A00CD22AB /* .gitignore in Resources */ = {isa = PBXBuildFile; fileRef = 4B6D0D0F29A0A01A00CD22AB /* .gitignore */; };
		4B6D0D1629A1F68600CD22AB /* SwiftyJSON.swift in Sources */ = {isa = PBXBuildFile; fileRef = 4B6D0D0729A0979800CD22AB /* SwiftyJSON.swift */; };
		4BF0F73D299BA3FB00C62924 /* AppDelegate.swift in Sources */ = {isa = PBXBuildFile; fileRef = 4BF0F73C299BA3FB00C62924 /* AppDelegate.swift */; };
		E00F8302288676B3000D0A01 /* DarkModeFunctions.swift in Sources */ = {isa = PBXBuildFile; fileRef = E00F8301288676B3000D0A01 /* DarkModeFunctions.swift */; };
		E04A129D2859F20800F6F679 /* README.md in Resources */ = {isa = PBXBuildFile; fileRef = E04A129C2859F20800F6F679 /* README.md */; };
		E05E0E2A27738AFB00C3E1E0 /* WeatherWithForecastDailyStackView.swift in Sources */ = {isa = PBXBuildFile; fileRef = E05E0E2927738AFA00C3E1E0 /* WeatherWithForecastDailyStackView.swift */; };
		E05E0E2C27738B4D00C3E1E0 /* WeatherNationalAlertsView.swift in Sources */ = {isa = PBXBuildFile; fileRef = E05E0E2B27738B4D00C3E1E0 /* WeatherNationalAlertsView.swift */; };
		E05E0E2E2773AC5100C3E1E0 /* WeatherWithForecastHourlyStackView.swift in Sources */ = {isa = PBXBuildFile; fileRef = E05E0E2D2773AC5100C3E1E0 /* WeatherWithForecastHourlyStackView.swift */; };
		E05E0E302773B80900C3E1E0 /* ForecastHourlyView.swift in Sources */ = {isa = PBXBuildFile; fileRef = E05E0E2F2773B80900C3E1E0 /* ForecastHourlyView.swift */; };
		E05E0E322773B93200C3E1E0 /* ForecastDailyView.swift in Sources */ = {isa = PBXBuildFile; fileRef = E05E0E312773B93200C3E1E0 /* ForecastDailyView.swift */; };
		E05E0E342773B9D100C3E1E0 /* CurrentWeatherView.swift in Sources */ = {isa = PBXBuildFile; fileRef = E05E0E332773B9D100C3E1E0 /* CurrentWeatherView.swift */; };
		E05E0E362774878200C3E1E0 /* WeatherStackView.swift in Sources */ = {isa = PBXBuildFile; fileRef = E05E0E352774878200C3E1E0 /* WeatherStackView.swift */; };
		E05E0E3B2775AEEB00C3E1E0 /* WeatherViewModel.swift in Sources */ = {isa = PBXBuildFile; fileRef = E05E0E3A2775AEEB00C3E1E0 /* WeatherViewModel.swift */; };
		E05E0E3D2775C11900C3E1E0 /* WeatherDataModel.swift in Sources */ = {isa = PBXBuildFile; fileRef = E05E0E3C2775C11900C3E1E0 /* WeatherDataModel.swift */; };
		E05E0E4327778F4D00C3E1E0 /* WeatherDataAutoUpdater.swift in Sources */ = {isa = PBXBuildFile; fileRef = E05E0E4227778F4D00C3E1E0 /* WeatherDataAutoUpdater.swift */; };
		E09284C7275DE4450090E267 /* WeatherViewController.swift in Sources */ = {isa = PBXBuildFile; fileRef = E09284C5275DE4450090E267 /* WeatherViewController.swift */; };
		E09284D0275E7B3E0090E267 /* WeatherLayoutView.swift in Sources */ = {isa = PBXBuildFile; fileRef = E09284CF275E7B3E0090E267 /* WeatherLayoutView.swift */; };
		E09284D4275FD9E20090E267 /* Settings.bundle in Resources */ = {isa = PBXBuildFile; fileRef = E09284D3275FD9E20090E267 /* Settings.bundle */; };
		E09284DA275FE64A0090E267 /* Settings.swift in Sources */ = {isa = PBXBuildFile; fileRef = E09284D9275FE64A0090E267 /* Settings.swift */; };
		E09284DE275FFC2B0090E267 /* UserPreferences.swift in Sources */ = {isa = PBXBuildFile; fileRef = E09284DD275FFC2B0090E267 /* UserPreferences.swift */; };
		E0AAF5CF2755041600093229 /* TestingAppDelegate.swift in Sources */ = {isa = PBXBuildFile; fileRef = E0AAF5CE2755041600093229 /* TestingAppDelegate.swift */; };
		E0AAF5DB2755049800093229 /* SnapshotTests.swift in Sources */ = {isa = PBXBuildFile; fileRef = E0AAF5DA2755049800093229 /* SnapshotTests.swift */; };
		E0AAF5DD2755050000093229 /* PerformanceTests.swift in Sources */ = {isa = PBXBuildFile; fileRef = E0AAF5DC2755050000093229 /* PerformanceTests.swift */; };
		E0AAF5DF2755051900093229 /* SettingsBundleLocalizationTests.swift in Sources */ = {isa = PBXBuildFile; fileRef = E0AAF5DE2755051900093229 /* SettingsBundleLocalizationTests.swift */; };
		E0AAF5EA2757C49500093229 /* OpenWeatherClient.swift in Sources */ = {isa = PBXBuildFile; fileRef = E0AAF5E92757C49500093229 /* OpenWeatherClient.swift */; };
		E0B8B63D276740C700CF5D09 /* GeoLocationReceiver.swift in Sources */ = {isa = PBXBuildFile; fileRef = E0B8B63C276740C700CF5D09 /* GeoLocationReceiver.swift */; };
		E0B8B6422768E5E600CF5D09 /* CommonLocalizationTests.swift in Sources */ = {isa = PBXBuildFile; fileRef = E0B8B6412768E5E600CF5D09 /* CommonLocalizationTests.swift */; };
		E0B8B644276A504A00CF5D09 /* CommonFunctionalTests.swift in Sources */ = {isa = PBXBuildFile; fileRef = E0B8B643276A504A00CF5D09 /* CommonFunctionalTests.swift */; };
		E0BD36872790B669004C5E7B /* UnitTestingProtocols.swift in Sources */ = {isa = PBXBuildFile; fileRef = E0BD36862790B669004C5E7B /* UnitTestingProtocols.swift */; };
		E0BD368C27948AF3004C5E7B /* UpdaterHelper.swift in Sources */ = {isa = PBXBuildFile; fileRef = E0BD368B27948AF3004C5E7B /* UpdaterHelper.swift */; };
		E0C428C527535BD800E65DFD /* main.swift in Sources */ = {isa = PBXBuildFile; fileRef = E0C428C427535BD800E65DFD /* main.swift */; };
		E0C428C927535BD800E65DFD /* MainViewController.swift in Sources */ = {isa = PBXBuildFile; fileRef = E0C428C827535BD800E65DFD /* MainViewController.swift */; };
		E0C428CC27535BD800E65DFD /* MainViewController.storyboard in Resources */ = {isa = PBXBuildFile; fileRef = E0C428CA27535BD800E65DFD /* MainViewController.storyboard */; };
		E0C428CE27535BDD00E65DFD /* Assets.xcassets in Resources */ = {isa = PBXBuildFile; fileRef = E0C428CD27535BDD00E65DFD /* Assets.xcassets */; };
		E0C428D127535BDD00E65DFD /* LaunchScreen.storyboard in Resources */ = {isa = PBXBuildFile; fileRef = E0C428CF27535BDD00E65DFD /* LaunchScreen.storyboard */; };
		E0C428F52753636400E65DFD /* activity_diagram.png in Resources */ = {isa = PBXBuildFile; fileRef = E0C428F32753636400E65DFD /* activity_diagram.png */; };
		E0C428F62753636400E65DFD /* navigation_prototype.png in Resources */ = {isa = PBXBuildFile; fileRef = E0C428F42753636400E65DFD /* navigation_prototype.png */; };
		E0C428F92753638900E65DFD /* Localization_ru.plist in Resources */ = {isa = PBXBuildFile; fileRef = E0C428F72753638900E65DFD /* Localization_ru.plist */; };
		E0C428FA2753638900E65DFD /* Localization_en.plist in Resources */ = {isa = PBXBuildFile; fileRef = E0C428F82753638900E65DFD /* Localization_en.plist */; };
		E0C428FC275363AB00E65DFD /* DataModels.txt in Resources */ = {isa = PBXBuildFile; fileRef = E0C428FB275363AB00E65DFD /* DataModels.txt */; };
		E0C428FE275363B200E65DFD /* Requirements.txt in Resources */ = {isa = PBXBuildFile; fileRef = E0C428FD275363B200E65DFD /* Requirements.txt */; };
		E0C8419F276125B80034E7F2 /* InfoPlist.strings in Resources */ = {isa = PBXBuildFile; fileRef = E0C841A1276125B80034E7F2 /* InfoPlist.strings */; };
		E0C841A4276128B90034E7F2 /* LocalizationExtentions.swift in Sources */ = {isa = PBXBuildFile; fileRef = E0C841A3276128B90034E7F2 /* LocalizationExtentions.swift */; };
		E0C841AD27612A700034E7F2 /* Localizable.strings in Resources */ = {isa = PBXBuildFile; fileRef = E0C841AF27612A700034E7F2 /* Localizable.strings */; };
		E0D8253927A5A63400C710F8 /* LocalDataSaver.swift in Sources */ = {isa = PBXBuildFile; fileRef = E0D8253827A5A63400C710F8 /* LocalDataSaver.swift */; };
		E0D9FF5B27632811009F197E /* LocalizationTestHelpers.swift in Sources */ = {isa = PBXBuildFile; fileRef = E0D9FF5A27632811009F197E /* LocalizationTestHelpers.swift */; };
		E0EAD3CA278899E60019FCD7 /* DataStructures.swift in Sources */ = {isa = PBXBuildFile; fileRef = E0EAD3C9278899E60019FCD7 /* DataStructures.swift */; };
/* End PBXBuildFile section */

/* Begin PBXContainerItemProxy section */
		E0AAF5D12755041600093229 /* PBXContainerItemProxy */ = {
			isa = PBXContainerItemProxy;
			containerPortal = E0C428B927535BD800E65DFD /* Project object */;
			proxyType = 1;
			remoteGlobalIDString = E0C428C027535BD800E65DFD;
			remoteInfo = Weather;
		};
/* End PBXContainerItemProxy section */

/* Begin PBXFileReference section */
		4B01D1DB29A28B4900FAFFE4 /* currentWeatherData.json */ = {isa = PBXFileReference; fileEncoding = 4; lastKnownFileType = text.json; path = currentWeatherData.json; sourceTree = "<group>"; };
		4B01D1DC29A28B4900FAFFE4 /* OpenWeatherCommunicationTests.swift */ = {isa = PBXFileReference; fileEncoding = 4; lastKnownFileType = sourcecode.swift; path = OpenWeatherCommunicationTests.swift; sourceTree = "<group>"; };
		4B01D1DE29A28B4900FAFFE4 /* SettingsBundleFunctionalTests.swift */ = {isa = PBXFileReference; fileEncoding = 4; lastKnownFileType = sourcecode.swift; path = SettingsBundleFunctionalTests.swift; sourceTree = "<group>"; };
		4B01D1DF29A28B4900FAFFE4 /* SettingsBundleTestHelpers.swift */ = {isa = PBXFileReference; fileEncoding = 4; lastKnownFileType = sourcecode.swift; path = SettingsBundleTestHelpers.swift; sourceTree = "<group>"; };
		4B01D1E129A28B4900FAFFE4 /* WeatherDataAutoUpdaterTests.swift */ = {isa = PBXFileReference; fileEncoding = 4; lastKnownFileType = sourcecode.swift; path = WeatherDataAutoUpdaterTests.swift; sourceTree = "<group>"; };
		4B01D1E229A28B4900FAFFE4 /* UpdaterHelperTests.swift */ = {isa = PBXFileReference; fileEncoding = 4; lastKnownFileType = sourcecode.swift; path = UpdaterHelperTests.swift; sourceTree = "<group>"; };
		4B01D1E429A28B4900FAFFE4 /* WeatherViewControllerSubstitutes.swift */ = {isa = PBXFileReference; fileEncoding = 4; lastKnownFileType = sourcecode.swift; path = WeatherViewControllerSubstitutes.swift; sourceTree = "<group>"; };
		4B01D1E529A28B4900FAFFE4 /* MockUpdaterHelper.swift */ = {isa = PBXFileReference; fileEncoding = 4; lastKnownFileType = sourcecode.swift; path = MockUpdaterHelper.swift; sourceTree = "<group>"; };
		4B01D1E629A28B4900FAFFE4 /* MockWeatherClientService.swift */ = {isa = PBXFileReference; fileEncoding = 4; lastKnownFileType = sourcecode.swift; path = MockWeatherClientService.swift; sourceTree = "<group>"; };
		4B01D1E729A28B4900FAFFE4 /* MockWeatherUpdaterDelegate.swift */ = {isa = PBXFileReference; fileEncoding = 4; lastKnownFileType = sourcecode.swift; path = MockWeatherUpdaterDelegate.swift; sourceTree = "<group>"; };
		4B01D1E829A28B4900FAFFE4 /* MockGeoLocationService.swift */ = {isa = PBXFileReference; fileEncoding = 4; lastKnownFileType = sourcecode.swift; path = MockGeoLocationService.swift; sourceTree = "<group>"; };
		4B01D1E929A28B4900FAFFE4 /* TimerTargetStubbed.swift */ = {isa = PBXFileReference; fileEncoding = 4; lastKnownFileType = sourcecode.swift; path = TimerTargetStubbed.swift; sourceTree = "<group>"; };
		4B01D1EA29A28B4900FAFFE4 /* LocalDataSaverStubbed.swift */ = {isa = PBXFileReference; fileEncoding = 4; lastKnownFileType = sourcecode.swift; path = LocalDataSaverStubbed.swift; sourceTree = "<group>"; };
		4B01D1EB29A28B4900FAFFE4 /* WeatherViewControllerTests.swift */ = {isa = PBXFileReference; fileEncoding = 4; lastKnownFileType = sourcecode.swift; path = WeatherViewControllerTests.swift; sourceTree = "<group>"; };
		4B01D1ED29A28B4900FAFFE4 /* defaultLocationRU.json */ = {isa = PBXFileReference; fileEncoding = 4; lastKnownFileType = text.json; path = defaultLocationRU.json; sourceTree = "<group>"; };
		4B01D1EE29A28B4900FAFFE4 /* alertsOnly.json */ = {isa = PBXFileReference; fileEncoding = 4; lastKnownFileType = text.json; path = alertsOnly.json; sourceTree = "<group>"; };
		4B01D1F029A28B4900FAFFE4 /* MainModuleFunctionalTests.swift */ = {isa = PBXFileReference; fileEncoding = 4; lastKnownFileType = sourcecode.swift; path = MainModuleFunctionalTests.swift; sourceTree = "<group>"; };
		4B01D1F229A28B4900FAFFE4 /* GeoLocationReceiverTests.swift */ = {isa = PBXFileReference; fileEncoding = 4; lastKnownFileType = sourcecode.swift; path = GeoLocationReceiverTests.swift; sourceTree = "<group>"; };
		4B01D1F329A28B4900FAFFE4 /* GeoLocationReceiverSubstitutes.swift */ = {isa = PBXFileReference; fileEncoding = 4; lastKnownFileType = sourcecode.swift; path = GeoLocationReceiverSubstitutes.swift; sourceTree = "<group>"; };
		4B6D0CFF299CECD300CD22AB /* Result.swift */ = {isa = PBXFileReference; lastKnownFileType = sourcecode.swift; path = Result.swift; sourceTree = "<group>"; };
		4B6D0D02299EA77F00CD22AB /* main.yml */ = {isa = PBXFileReference; fileEncoding = 4; lastKnownFileType = text; name = main.yml; path = ../.github/workflows/main.yml; sourceTree = "<group>"; };
		4B6D0D0729A0979800CD22AB /* SwiftyJSON.swift */ = {isa = PBXFileReference; lastKnownFileType = sourcecode.swift; path = SwiftyJSON.swift; sourceTree = "<group>"; };
		4B6D0D0929A098C800CD22AB /* PerseusUISystemKitSingle.swift */ = {isa = PBXFileReference; lastKnownFileType = sourcecode.swift; path = PerseusUISystemKitSingle.swift; sourceTree = "<group>"; };
		4B6D0D0D29A09E7B00CD22AB /* .swiftlint.yml */ = {isa = PBXFileReference; fileEncoding = 4; lastKnownFileType = text; path = .swiftlint.yml; sourceTree = "<group>"; };
		4B6D0D0F29A0A01A00CD22AB /* .gitignore */ = {isa = PBXFileReference; fileEncoding = 4; lastKnownFileType = text; name = .gitignore; path = ../.gitignore; sourceTree = "<group>"; };
		4BF0F73C299BA3FB00C62924 /* AppDelegate.swift */ = {isa = PBXFileReference; lastKnownFileType = sourcecode.swift; path = AppDelegate.swift; sourceTree = "<group>"; };
		E00F8301288676B3000D0A01 /* DarkModeFunctions.swift */ = {isa = PBXFileReference; lastKnownFileType = sourcecode.swift; path = DarkModeFunctions.swift; sourceTree = "<group>"; };
		E04A129C2859F20800F6F679 /* README.md */ = {isa = PBXFileReference; fileEncoding = 4; lastKnownFileType = net.daringfireball.markdown; name = README.md; path = ../README.md; sourceTree = "<group>"; };
		E05E0E2927738AFA00C3E1E0 /* WeatherWithForecastDailyStackView.swift */ = {isa = PBXFileReference; lastKnownFileType = sourcecode.swift; path = WeatherWithForecastDailyStackView.swift; sourceTree = "<group>"; };
		E05E0E2B27738B4D00C3E1E0 /* WeatherNationalAlertsView.swift */ = {isa = PBXFileReference; lastKnownFileType = sourcecode.swift; path = WeatherNationalAlertsView.swift; sourceTree = "<group>"; };
		E05E0E2D2773AC5100C3E1E0 /* WeatherWithForecastHourlyStackView.swift */ = {isa = PBXFileReference; lastKnownFileType = sourcecode.swift; path = WeatherWithForecastHourlyStackView.swift; sourceTree = "<group>"; };
		E05E0E2F2773B80900C3E1E0 /* ForecastHourlyView.swift */ = {isa = PBXFileReference; lastKnownFileType = sourcecode.swift; path = ForecastHourlyView.swift; sourceTree = "<group>"; };
		E05E0E312773B93200C3E1E0 /* ForecastDailyView.swift */ = {isa = PBXFileReference; lastKnownFileType = sourcecode.swift; path = ForecastDailyView.swift; sourceTree = "<group>"; };
		E05E0E332773B9D100C3E1E0 /* CurrentWeatherView.swift */ = {isa = PBXFileReference; lastKnownFileType = sourcecode.swift; path = CurrentWeatherView.swift; sourceTree = "<group>"; };
		E05E0E352774878200C3E1E0 /* WeatherStackView.swift */ = {isa = PBXFileReference; lastKnownFileType = sourcecode.swift; path = WeatherStackView.swift; sourceTree = "<group>"; };
		E05E0E3A2775AEEB00C3E1E0 /* WeatherViewModel.swift */ = {isa = PBXFileReference; lastKnownFileType = sourcecode.swift; path = WeatherViewModel.swift; sourceTree = "<group>"; };
		E05E0E3C2775C11900C3E1E0 /* WeatherDataModel.swift */ = {isa = PBXFileReference; lastKnownFileType = sourcecode.swift; path = WeatherDataModel.swift; sourceTree = "<group>"; };
		E05E0E4227778F4D00C3E1E0 /* WeatherDataAutoUpdater.swift */ = {isa = PBXFileReference; lastKnownFileType = sourcecode.swift; path = WeatherDataAutoUpdater.swift; sourceTree = "<group>"; };
		E09284C5275DE4450090E267 /* WeatherViewController.swift */ = {isa = PBXFileReference; lastKnownFileType = sourcecode.swift; path = WeatherViewController.swift; sourceTree = "<group>"; };
		E09284CF275E7B3E0090E267 /* WeatherLayoutView.swift */ = {isa = PBXFileReference; lastKnownFileType = sourcecode.swift; path = WeatherLayoutView.swift; sourceTree = "<group>"; };
		E09284D3275FD9E20090E267 /* Settings.bundle */ = {isa = PBXFileReference; lastKnownFileType = "wrapper.plug-in"; path = Settings.bundle; sourceTree = "<group>"; };
		E09284D9275FE64A0090E267 /* Settings.swift */ = {isa = PBXFileReference; lastKnownFileType = sourcecode.swift; path = Settings.swift; sourceTree = "<group>"; };
		E09284DD275FFC2B0090E267 /* UserPreferences.swift */ = {isa = PBXFileReference; lastKnownFileType = sourcecode.swift; path = UserPreferences.swift; sourceTree = "<group>"; };
		E0AAF5CC2755041600093229 /* WeatherTests.xctest */ = {isa = PBXFileReference; explicitFileType = wrapper.cfbundle; includeInIndex = 0; path = WeatherTests.xctest; sourceTree = BUILT_PRODUCTS_DIR; };
		E0AAF5CE2755041600093229 /* TestingAppDelegate.swift */ = {isa = PBXFileReference; lastKnownFileType = sourcecode.swift; path = TestingAppDelegate.swift; sourceTree = "<group>"; };
		E0AAF5D02755041600093229 /* Info.plist */ = {isa = PBXFileReference; lastKnownFileType = text.plist.xml; path = Info.plist; sourceTree = "<group>"; };
		E0AAF5DA2755049800093229 /* SnapshotTests.swift */ = {isa = PBXFileReference; lastKnownFileType = sourcecode.swift; path = SnapshotTests.swift; sourceTree = "<group>"; };
		E0AAF5DC2755050000093229 /* PerformanceTests.swift */ = {isa = PBXFileReference; lastKnownFileType = sourcecode.swift; path = PerformanceTests.swift; sourceTree = "<group>"; };
		E0AAF5DE2755051900093229 /* SettingsBundleLocalizationTests.swift */ = {isa = PBXFileReference; lastKnownFileType = sourcecode.swift; path = SettingsBundleLocalizationTests.swift; sourceTree = "<group>"; };
		E0AAF5E92757C49500093229 /* OpenWeatherClient.swift */ = {isa = PBXFileReference; lastKnownFileType = sourcecode.swift; path = OpenWeatherClient.swift; sourceTree = "<group>"; };
		E0B8B63C276740C700CF5D09 /* GeoLocationReceiver.swift */ = {isa = PBXFileReference; lastKnownFileType = sourcecode.swift; path = GeoLocationReceiver.swift; sourceTree = "<group>"; };
		E0B8B6412768E5E600CF5D09 /* CommonLocalizationTests.swift */ = {isa = PBXFileReference; lastKnownFileType = sourcecode.swift; path = CommonLocalizationTests.swift; sourceTree = "<group>"; };
		E0B8B643276A504A00CF5D09 /* CommonFunctionalTests.swift */ = {isa = PBXFileReference; lastKnownFileType = sourcecode.swift; path = CommonFunctionalTests.swift; sourceTree = "<group>"; };
		E0BD36862790B669004C5E7B /* UnitTestingProtocols.swift */ = {isa = PBXFileReference; lastKnownFileType = sourcecode.swift; path = UnitTestingProtocols.swift; sourceTree = "<group>"; };
		E0BD368B27948AF3004C5E7B /* UpdaterHelper.swift */ = {isa = PBXFileReference; lastKnownFileType = sourcecode.swift; path = UpdaterHelper.swift; sourceTree = "<group>"; };
		E0C428C127535BD800E65DFD /* Weather.app */ = {isa = PBXFileReference; explicitFileType = wrapper.application; includeInIndex = 0; path = Weather.app; sourceTree = BUILT_PRODUCTS_DIR; };
		E0C428C427535BD800E65DFD /* main.swift */ = {isa = PBXFileReference; lastKnownFileType = sourcecode.swift; path = main.swift; sourceTree = "<group>"; };
		E0C428C827535BD800E65DFD /* MainViewController.swift */ = {isa = PBXFileReference; lastKnownFileType = sourcecode.swift; path = MainViewController.swift; sourceTree = "<group>"; };
		E0C428CB27535BD800E65DFD /* Base */ = {isa = PBXFileReference; lastKnownFileType = file.storyboard; name = Base; path = Base.lproj/MainViewController.storyboard; sourceTree = "<group>"; };
		E0C428CD27535BDD00E65DFD /* Assets.xcassets */ = {isa = PBXFileReference; lastKnownFileType = folder.assetcatalog; path = Assets.xcassets; sourceTree = "<group>"; };
		E0C428D027535BDD00E65DFD /* Base */ = {isa = PBXFileReference; lastKnownFileType = file.storyboard; name = Base; path = Base.lproj/LaunchScreen.storyboard; sourceTree = "<group>"; };
		E0C428D227535BDD00E65DFD /* Info.plist */ = {isa = PBXFileReference; lastKnownFileType = text.plist.xml; path = Info.plist; sourceTree = "<group>"; };
		E0C428F32753636400E65DFD /* activity_diagram.png */ = {isa = PBXFileReference; lastKnownFileType = image.png; path = activity_diagram.png; sourceTree = "<group>"; };
		E0C428F42753636400E65DFD /* navigation_prototype.png */ = {isa = PBXFileReference; lastKnownFileType = image.png; path = navigation_prototype.png; sourceTree = "<group>"; };
		E0C428F72753638900E65DFD /* Localization_ru.plist */ = {isa = PBXFileReference; fileEncoding = 4; lastKnownFileType = text.plist.xml; path = Localization_ru.plist; sourceTree = "<group>"; };
		E0C428F82753638900E65DFD /* Localization_en.plist */ = {isa = PBXFileReference; fileEncoding = 4; lastKnownFileType = text.plist.xml; path = Localization_en.plist; sourceTree = "<group>"; };
		E0C428FB275363AB00E65DFD /* DataModels.txt */ = {isa = PBXFileReference; fileEncoding = 4; lastKnownFileType = text; path = DataModels.txt; sourceTree = "<group>"; };
		E0C428FD275363B200E65DFD /* Requirements.txt */ = {isa = PBXFileReference; fileEncoding = 4; lastKnownFileType = text; path = Requirements.txt; sourceTree = "<group>"; };
		E0C841A0276125B80034E7F2 /* en */ = {isa = PBXFileReference; lastKnownFileType = text.plist.strings; name = en; path = en.lproj/InfoPlist.strings; sourceTree = "<group>"; };
		E0C841A2276125D60034E7F2 /* ru */ = {isa = PBXFileReference; lastKnownFileType = text.plist.strings; name = ru; path = ru.lproj/InfoPlist.strings; sourceTree = "<group>"; };
		E0C841A3276128B90034E7F2 /* LocalizationExtentions.swift */ = {isa = PBXFileReference; lastKnownFileType = sourcecode.swift; path = LocalizationExtentions.swift; sourceTree = "<group>"; };
		E0C841AE27612A700034E7F2 /* en */ = {isa = PBXFileReference; lastKnownFileType = text.plist.strings; name = en; path = en.lproj/Localizable.strings; sourceTree = "<group>"; };
		E0C841B027612A750034E7F2 /* ru */ = {isa = PBXFileReference; lastKnownFileType = text.plist.strings; name = ru; path = ru.lproj/Localizable.strings; sourceTree = "<group>"; };
		E0D8253827A5A63400C710F8 /* LocalDataSaver.swift */ = {isa = PBXFileReference; lastKnownFileType = sourcecode.swift; path = LocalDataSaver.swift; sourceTree = "<group>"; };
		E0D9FF5A27632811009F197E /* LocalizationTestHelpers.swift */ = {isa = PBXFileReference; lastKnownFileType = sourcecode.swift; path = LocalizationTestHelpers.swift; sourceTree = "<group>"; };
		E0EAD3C9278899E60019FCD7 /* DataStructures.swift */ = {isa = PBXFileReference; lastKnownFileType = sourcecode.swift; path = DataStructures.swift; sourceTree = "<group>"; };
/* End PBXFileReference section */

/* Begin PBXFrameworksBuildPhase section */
		E0AAF5C92755041600093229 /* Frameworks */ = {
			isa = PBXFrameworksBuildPhase;
			buildActionMask = 2147483647;
			files = (
			);
			runOnlyForDeploymentPostprocessing = 0;
		};
		E0C428BE27535BD800E65DFD /* Frameworks */ = {
			isa = PBXFrameworksBuildPhase;
			buildActionMask = 2147483647;
			files = (
			);
			runOnlyForDeploymentPostprocessing = 0;
		};
/* End PBXFrameworksBuildPhase section */

/* Begin PBXGroup section */
		4B01D1D829A28B4900FAFFE4 /* Functional tests */ = {
			isa = PBXGroup;
			children = (
				4B01D1D929A28B4900FAFFE4 /* Network communication tests */,
				4B01D1DD29A28B4900FAFFE4 /* Settings bundle tests */,
				4B01D1E029A28B4900FAFFE4 /* Weather module tests */,
				4B01D1EF29A28B4900FAFFE4 /* Main module tests */,
				4B01D1F129A28B4900FAFFE4 /* Geo location receiver tests */,
			);
			path = "Functional tests";
			sourceTree = "<group>";
		};
		4B01D1D929A28B4900FAFFE4 /* Network communication tests */ = {
			isa = PBXGroup;
			children = (
				4B01D1DA29A28B4900FAFFE4 /* Test data */,
				4B01D1DC29A28B4900FAFFE4 /* OpenWeatherCommunicationTests.swift */,
			);
			path = "Network communication tests";
			sourceTree = "<group>";
		};
		4B01D1DA29A28B4900FAFFE4 /* Test data */ = {
			isa = PBXGroup;
			children = (
				4B01D1DB29A28B4900FAFFE4 /* currentWeatherData.json */,
			);
			path = "Test data";
			sourceTree = "<group>";
		};
		4B01D1DD29A28B4900FAFFE4 /* Settings bundle tests */ = {
			isa = PBXGroup;
			children = (
				4B01D1DE29A28B4900FAFFE4 /* SettingsBundleFunctionalTests.swift */,
				4B01D1DF29A28B4900FAFFE4 /* SettingsBundleTestHelpers.swift */,
			);
			path = "Settings bundle tests";
			sourceTree = "<group>";
		};
		4B01D1E029A28B4900FAFFE4 /* Weather module tests */ = {
			isa = PBXGroup;
			children = (
				4B01D1E129A28B4900FAFFE4 /* WeatherDataAutoUpdaterTests.swift */,
				4B01D1E229A28B4900FAFFE4 /* UpdaterHelperTests.swift */,
				4B01D1E329A28B4900FAFFE4 /* Substitutes */,
				4B01D1EB29A28B4900FAFFE4 /* WeatherViewControllerTests.swift */,
				4B01D1EC29A28B4900FAFFE4 /* Test data */,
			);
			path = "Weather module tests";
			sourceTree = "<group>";
		};
		4B01D1E329A28B4900FAFFE4 /* Substitutes */ = {
			isa = PBXGroup;
			children = (
				4B01D1E429A28B4900FAFFE4 /* WeatherViewControllerSubstitutes.swift */,
				4B01D1E529A28B4900FAFFE4 /* MockUpdaterHelper.swift */,
				4B01D1E629A28B4900FAFFE4 /* MockWeatherClientService.swift */,
				4B01D1E729A28B4900FAFFE4 /* MockWeatherUpdaterDelegate.swift */,
				4B01D1E829A28B4900FAFFE4 /* MockGeoLocationService.swift */,
				4B01D1E929A28B4900FAFFE4 /* TimerTargetStubbed.swift */,
				4B01D1EA29A28B4900FAFFE4 /* LocalDataSaverStubbed.swift */,
			);
			path = Substitutes;
			sourceTree = "<group>";
		};
		4B01D1EC29A28B4900FAFFE4 /* Test data */ = {
			isa = PBXGroup;
			children = (
				4B01D1ED29A28B4900FAFFE4 /* defaultLocationRU.json */,
				4B01D1EE29A28B4900FAFFE4 /* alertsOnly.json */,
			);
			path = "Test data";
			sourceTree = "<group>";
		};
		4B01D1EF29A28B4900FAFFE4 /* Main module tests */ = {
			isa = PBXGroup;
			children = (
				4B01D1F029A28B4900FAFFE4 /* MainModuleFunctionalTests.swift */,
			);
			path = "Main module tests";
			sourceTree = "<group>";
		};
		4B01D1F129A28B4900FAFFE4 /* Geo location receiver tests */ = {
			isa = PBXGroup;
			children = (
				4B01D1F229A28B4900FAFFE4 /* GeoLocationReceiverTests.swift */,
				4B01D1F329A28B4900FAFFE4 /* GeoLocationReceiverSubstitutes.swift */,
			);
			path = "Geo location receiver tests";
			sourceTree = "<group>";
		};
		4B6D0D0629A094E600CD22AB /* ThirdPartyCode */ = {
			isa = PBXGroup;
			children = (
				4B6D0D0729A0979800CD22AB /* SwiftyJSON.swift */,
			);
			path = ThirdPartyCode;
			sourceTree = "<group>";
		};
		4B6D0D1529A1DB2700CD22AB /* Localization tests */ = {
			isa = PBXGroup;
			children = (
				E0B8B6412768E5E600CF5D09 /* CommonLocalizationTests.swift */,
				E0AAF5DE2755051900093229 /* SettingsBundleLocalizationTests.swift */,
				E0D9FF5A27632811009F197E /* LocalizationTestHelpers.swift */,
			);
			path = "Localization tests";
			sourceTree = "<group>";
		};
		E00F83002886769D000D0A01 /* FirstPartyCode */ = {
			isa = PBXGroup;
			children = (
				E00F8301288676B3000D0A01 /* DarkModeFunctions.swift */,
				4B6D0D0929A098C800CD22AB /* PerseusUISystemKitSingle.swift */,
			);
			path = FirstPartyCode;
			sourceTree = "<group>";
		};
		E04A129A2859F16500F6F679 /* Configuration */ = {
			isa = PBXGroup;
			children = (
				E00F83002886769D000D0A01 /* FirstPartyCode */,
				4B6D0D0629A094E600CD22AB /* ThirdPartyCode */,
				E0C428E027535E0500E65DFD /* Localization */,
				E09284D3275FD9E20090E267 /* Settings.bundle */,
				E0C428CD27535BDD00E65DFD /* Assets.xcassets */,
				E0C428D227535BDD00E65DFD /* Info.plist */,
				4BF0F73C299BA3FB00C62924 /* AppDelegate.swift */,
			);
			path = Configuration;
			sourceTree = "<group>";
		};
		E04A129B2859F17400F6F679 /* Business content */ = {
			isa = PBXGroup;
			children = (
				E0C428DD27535DD800E65DFD /* Modules */,
				E0C428DC27535DBF00E65DFD /* Storyboards */,
				E0C428DF27535DF200E65DFD /* Business logic */,
			);
			path = "Business content";
			sourceTree = "<group>";
		};
		E05E0E28277387C900C3E1E0 /* WeatherLayoutViewDetails */ = {
			isa = PBXGroup;
			children = (
				E0BD368A27948ABF004C5E7B /* Servants */,
				E05E0E412775E6B200C3E1E0 /* ViewModel */,
				E05E0E382774CB3300C3E1E0 /* ViewDetails */,
				E05E0E372774CA8500C3E1E0 /* StackViews */,
			);
			path = WeatherLayoutViewDetails;
			sourceTree = "<group>";
		};
		E05E0E372774CA8500C3E1E0 /* StackViews */ = {
			isa = PBXGroup;
			children = (
				E05E0E352774878200C3E1E0 /* WeatherStackView.swift */,
				E05E0E2D2773AC5100C3E1E0 /* WeatherWithForecastHourlyStackView.swift */,
				E05E0E2927738AFA00C3E1E0 /* WeatherWithForecastDailyStackView.swift */,
			);
			path = StackViews;
			sourceTree = "<group>";
		};
		E05E0E382774CB3300C3E1E0 /* ViewDetails */ = {
			isa = PBXGroup;
			children = (
				E05E0E2B27738B4D00C3E1E0 /* WeatherNationalAlertsView.swift */,
				E05E0E2F2773B80900C3E1E0 /* ForecastHourlyView.swift */,
				E05E0E312773B93200C3E1E0 /* ForecastDailyView.swift */,
				E05E0E332773B9D100C3E1E0 /* CurrentWeatherView.swift */,
			);
			path = ViewDetails;
			sourceTree = "<group>";
		};
		E05E0E3E2775E3F400C3E1E0 /* Weather */ = {
			isa = PBXGroup;
			children = (
				E0BD3688279152E5004C5E7B /* Protocols */,
				E05E0E402775E43300C3E1E0 /* View */,
				E09284C5275DE4450090E267 /* WeatherViewController.swift */,
			);
			path = Weather;
			sourceTree = "<group>";
		};
		E05E0E402775E43300C3E1E0 /* View */ = {
			isa = PBXGroup;
			children = (
				E05E0E28277387C900C3E1E0 /* WeatherLayoutViewDetails */,
				E09284CF275E7B3E0090E267 /* WeatherLayoutView.swift */,
			);
			path = View;
			sourceTree = "<group>";
		};
		E05E0E412775E6B200C3E1E0 /* ViewModel */ = {
			isa = PBXGroup;
			children = (
				E05E0E3A2775AEEB00C3E1E0 /* WeatherViewModel.swift */,
				E05E0E3C2775C11900C3E1E0 /* WeatherDataModel.swift */,
				E0EAD3C9278899E60019FCD7 /* DataStructures.swift */,
				E0D8253827A5A63400C710F8 /* LocalDataSaver.swift */,
			);
			path = ViewModel;
			sourceTree = "<group>";
		};
		E0AAF5CD2755041600093229 /* WeatherTests */ = {
			isa = PBXGroup;
			children = (
				E0B8B643276A504A00CF5D09 /* CommonFunctionalTests.swift */,
				4B6D0D1529A1DB2700CD22AB /* Localization tests */,
				4B01D1D829A28B4900FAFFE4 /* Functional tests */,
				E0AAF5D72755042E00093229 /* Performance tests */,
				E0AAF5D82755043700093229 /* Snapshot tests */,
				E0AAF5CE2755041600093229 /* TestingAppDelegate.swift */,
				E0AAF5D02755041600093229 /* Info.plist */,
			);
			path = WeatherTests;
			sourceTree = "<group>";
		};
		E0AAF5D72755042E00093229 /* Performance tests */ = {
			isa = PBXGroup;
			children = (
				E0AAF5DC2755050000093229 /* PerformanceTests.swift */,
			);
			path = "Performance tests";
			sourceTree = "<group>";
		};
		E0AAF5D82755043700093229 /* Snapshot tests */ = {
			isa = PBXGroup;
			children = (
				E0AAF5DA2755049800093229 /* SnapshotTests.swift */,
			);
			path = "Snapshot tests";
			sourceTree = "<group>";
		};
		E0BD3688279152E5004C5E7B /* Protocols */ = {
			isa = PBXGroup;
			children = (
				E0BD36862790B669004C5E7B /* UnitTestingProtocols.swift */,
			);
			path = Protocols;
			sourceTree = "<group>";
		};
		E0BD368A27948ABF004C5E7B /* Servants */ = {
			isa = PBXGroup;
			children = (
				E05E0E4227778F4D00C3E1E0 /* WeatherDataAutoUpdater.swift */,
				E0BD368B27948AF3004C5E7B /* UpdaterHelper.swift */,
			);
			path = Servants;
			sourceTree = "<group>";
		};
		E0C428B827535BD800E65DFD = {
			isa = PBXGroup;
			children = (
				4B6D0D02299EA77F00CD22AB /* main.yml */,
				4B6D0D0D29A09E7B00CD22AB /* .swiftlint.yml */,
				4B6D0D0F29A0A01A00CD22AB /* .gitignore */,
				E04A129C2859F20800F6F679 /* README.md */,
				E0C428C327535BD800E65DFD /* Weather */,
				E0AAF5CD2755041600093229 /* WeatherTests */,
				E0C428C227535BD800E65DFD /* Products */,
			);
			sourceTree = "<group>";
		};
		E0C428C227535BD800E65DFD /* Products */ = {
			isa = PBXGroup;
			children = (
				E0C428C127535BD800E65DFD /* Weather.app */,
				E0AAF5CC2755041600093229 /* WeatherTests.xctest */,
			);
			name = Products;
			sourceTree = "<group>";
		};
		E0C428C327535BD800E65DFD /* Weather */ = {
			isa = PBXGroup;
			children = (
				E0C428C427535BD800E65DFD /* main.swift */,
				E0C428D827535D8800E65DFD /* Requirements */,
				E04A129A2859F16500F6F679 /* Configuration */,
				E04A129B2859F17400F6F679 /* Business content */,
			);
			path = Weather;
			sourceTree = "<group>";
		};
		E0C428D827535D8800E65DFD /* Requirements */ = {
			isa = PBXGroup;
			children = (
				E0C428FD275363B200E65DFD /* Requirements.txt */,
				E0C428FB275363AB00E65DFD /* DataModels.txt */,
				E0C428F82753638900E65DFD /* Localization_en.plist */,
				E0C428F72753638900E65DFD /* Localization_ru.plist */,
				E0C428D927535D9400E65DFD /* Diagrams */,
			);
			path = Requirements;
			sourceTree = "<group>";
		};
		E0C428D927535D9400E65DFD /* Diagrams */ = {
			isa = PBXGroup;
			children = (
				E0C428F32753636400E65DFD /* activity_diagram.png */,
				E0C428F42753636400E65DFD /* navigation_prototype.png */,
			);
			path = Diagrams;
			sourceTree = "<group>";
		};
		E0C428DC27535DBF00E65DFD /* Storyboards */ = {
			isa = PBXGroup;
			children = (
				E0C428CF27535BDD00E65DFD /* LaunchScreen.storyboard */,
				E0C428CA27535BD800E65DFD /* MainViewController.storyboard */,
			);
			path = Storyboards;
			sourceTree = "<group>";
		};
		E0C428DD27535DD800E65DFD /* Modules */ = {
			isa = PBXGroup;
			children = (
				E0C428DE27535DDD00E65DFD /* Main */,
				E05E0E3E2775E3F400C3E1E0 /* Weather */,
			);
			path = Modules;
			sourceTree = "<group>";
		};
		E0C428DE27535DDD00E65DFD /* Main */ = {
			isa = PBXGroup;
			children = (
				E0C428C827535BD800E65DFD /* MainViewController.swift */,
			);
			path = Main;
			sourceTree = "<group>";
		};
		E0C428DF27535DF200E65DFD /* Business logic */ = {
			isa = PBXGroup;
			children = (
				E0C428E927535E7E00E65DFD /* Entities */,
				E0C428EC27535E9300E65DFD /* Services */,
				E0C428EF27535EA600E65DFD /* Extentions */,
			);
			path = "Business logic";
			sourceTree = "<group>";
		};
		E0C428E027535E0500E65DFD /* Localization */ = {
			isa = PBXGroup;
			children = (
				E0C841A1276125B80034E7F2 /* InfoPlist.strings */,
				E0C841AF27612A700034E7F2 /* Localizable.strings */,
			);
			path = Localization;
			sourceTree = "<group>";
		};
		E0C428E927535E7E00E65DFD /* Entities */ = {
			isa = PBXGroup;
			children = (
				E09284D9275FE64A0090E267 /* Settings.swift */,
				4B6D0CFF299CECD300CD22AB /* Result.swift */,
			);
			path = Entities;
			sourceTree = "<group>";
		};
		E0C428EC27535E9300E65DFD /* Services */ = {
			isa = PBXGroup;
			children = (
				E0AAF5E92757C49500093229 /* OpenWeatherClient.swift */,
				E09284DD275FFC2B0090E267 /* UserPreferences.swift */,
				E0B8B63C276740C700CF5D09 /* GeoLocationReceiver.swift */,
			);
			path = Services;
			sourceTree = "<group>";
		};
		E0C428EF27535EA600E65DFD /* Extentions */ = {
			isa = PBXGroup;
			children = (
				E0C841A3276128B90034E7F2 /* LocalizationExtentions.swift */,
			);
			path = Extentions;
			sourceTree = "<group>";
		};
/* End PBXGroup section */

/* Begin PBXNativeTarget section */
		E0AAF5CB2755041600093229 /* WeatherTests */ = {
			isa = PBXNativeTarget;
			buildConfigurationList = E0AAF5D52755041600093229 /* Build configuration list for PBXNativeTarget "WeatherTests" */;
			buildPhases = (
				E0AAF5C82755041600093229 /* Sources */,
				E0AAF5C92755041600093229 /* Frameworks */,
				E0AAF5CA2755041600093229 /* Resources */,
			);
			buildRules = (
			);
			dependencies = (
				E0AAF5D22755041600093229 /* PBXTargetDependency */,
			);
			name = WeatherTests;
			productName = WeatherTests;
			productReference = E0AAF5CC2755041600093229 /* WeatherTests.xctest */;
			productType = "com.apple.product-type.bundle.unit-test";
		};
		E0C428C027535BD800E65DFD /* Weather */ = {
			isa = PBXNativeTarget;
			buildConfigurationList = E0C428D527535BDD00E65DFD /* Build configuration list for PBXNativeTarget "Weather" */;
			buildPhases = (
				E0C428BD27535BD800E65DFD /* Sources */,
				E0C428BE27535BD800E65DFD /* Frameworks */,
				E0C428BF27535BD800E65DFD /* Resources */,
				E04A129E285AF6AA00F6F679 /* SwiftLint */,
			);
			buildRules = (
			);
			dependencies = (
			);
			name = Weather;
			productName = ios.native.weather;
			productReference = E0C428C127535BD800E65DFD /* Weather.app */;
			productType = "com.apple.product-type.application";
		};
/* End PBXNativeTarget section */

/* Begin PBXProject section */
		E0C428B927535BD800E65DFD /* Project object */ = {
			isa = PBXProject;
			attributes = {
				LastSwiftUpdateCheck = 1250;
				LastUpgradeCheck = 1400;
				ORGANIZATIONNAME = Perseusrealdeal;
				TargetAttributes = {
					E0AAF5CB2755041600093229 = {
						CreatedOnToolsVersion = 12.5;
						TestTargetID = E0C428C027535BD800E65DFD;
					};
					E0C428C027535BD800E65DFD = {
						CreatedOnToolsVersion = 12.5;
					};
				};
			};
			buildConfigurationList = E0C428BC27535BD800E65DFD /* Build configuration list for PBXProject "Weather" */;
			compatibilityVersion = "Xcode 10.0";
			developmentRegion = en;
			hasScannedForEncodings = 0;
			knownRegions = (
				en,
				Base,
				ru,
			);
			mainGroup = E0C428B827535BD800E65DFD;
			productRefGroup = E0C428C227535BD800E65DFD /* Products */;
			projectDirPath = "";
			projectRoot = "";
			targets = (
				E0C428C027535BD800E65DFD /* Weather */,
				E0AAF5CB2755041600093229 /* WeatherTests */,
			);
		};
/* End PBXProject section */

/* Begin PBXResourcesBuildPhase section */
		E0AAF5CA2755041600093229 /* Resources */ = {
			isa = PBXResourcesBuildPhase;
			buildActionMask = 2147483647;
			files = (
				4B01D1F429A28B4900FAFFE4 /* currentWeatherData.json in Resources */,
				4B01D20229A28B4900FAFFE4 /* defaultLocationRU.json in Resources */,
				4B01D20329A28B4900FAFFE4 /* alertsOnly.json in Resources */,
			);
			runOnlyForDeploymentPostprocessing = 0;
		};
		E0C428BF27535BD800E65DFD /* Resources */ = {
			isa = PBXResourcesBuildPhase;
			buildActionMask = 2147483647;
			files = (
				4B6D0D1029A0A01A00CD22AB /* .gitignore in Resources */,
				4B6D0D0E29A09E7B00CD22AB /* .swiftlint.yml in Resources */,
				E0C428D127535BDD00E65DFD /* LaunchScreen.storyboard in Resources */,
				E0C428F52753636400E65DFD /* activity_diagram.png in Resources */,
				E0C428CE27535BDD00E65DFD /* Assets.xcassets in Resources */,
				E0C841AD27612A700034E7F2 /* Localizable.strings in Resources */,
				E04A129D2859F20800F6F679 /* README.md in Resources */,
				E0C8419F276125B80034E7F2 /* InfoPlist.strings in Resources */,
				E0C428F62753636400E65DFD /* navigation_prototype.png in Resources */,
				E09284D4275FD9E20090E267 /* Settings.bundle in Resources */,
				E0C428FE275363B200E65DFD /* Requirements.txt in Resources */,
				E0C428F92753638900E65DFD /* Localization_ru.plist in Resources */,
				E0C428CC27535BD800E65DFD /* MainViewController.storyboard in Resources */,
				E0C428FA2753638900E65DFD /* Localization_en.plist in Resources */,
				E0C428FC275363AB00E65DFD /* DataModels.txt in Resources */,
				4B6D0D03299EA77F00CD22AB /* main.yml in Resources */,
			);
			runOnlyForDeploymentPostprocessing = 0;
		};
/* End PBXResourcesBuildPhase section */

/* Begin PBXShellScriptBuildPhase section */
		E04A129E285AF6AA00F6F679 /* SwiftLint */ = {
			isa = PBXShellScriptBuildPhase;
			buildActionMask = 2147483647;
			files = (
			);
			inputFileListPaths = (
			);
			inputPaths = (
			);
			name = SwiftLint;
			outputFileListPaths = (
			);
			outputPaths = (
			);
			runOnlyForDeploymentPostprocessing = 0;
			shellPath = /bin/sh;
			shellScript = "# SwiftLint works.\n\nif [ \"${CONFIGURATION}\" = \"Debug\" ]; then\nif which swiftlint >/dev/null; then\nswiftlint --config \"../ios.native.weather/.swiftlint.yml\"\nelse\necho \"warning: SwiftLint not installed, download from https://github.com/realm/SwiftLint\"\nfi\nfi\n\n";
		};
/* End PBXShellScriptBuildPhase section */

/* Begin PBXSourcesBuildPhase section */
		E0AAF5C82755041600093229 /* Sources */ = {
			isa = PBXSourcesBuildPhase;
			buildActionMask = 2147483647;
			files = (
				4B01D1D129A286B000FAFFE4 /* UserPreferences.swift in Sources */,
				4B01D1CA29A2868C00FAFFE4 /* ForecastHourlyView.swift in Sources */,
				4B01D1FD29A28B4900FAFFE4 /* MockWeatherUpdaterDelegate.swift in Sources */,
				4B01D1D429A286CE00FAFFE4 /* main.swift in Sources */,
				4B01D1D029A286A200FAFFE4 /* WeatherViewController.swift in Sources */,
				4B01D1C729A2867600FAFFE4 /* MainViewController.swift in Sources */,
				E0B8B644276A504A00CF5D09 /* CommonFunctionalTests.swift in Sources */,
				4B01D1C629A2866C00FAFFE4 /* DataStructures.swift in Sources */,
				4B01D20429A28B4900FAFFE4 /* MainModuleFunctionalTests.swift in Sources */,
				4B01D1C129A2861000FAFFE4 /* WeatherLayoutView.swift in Sources */,
				4B6D0D1629A1F68600CD22AB /* SwiftyJSON.swift in Sources */,
				4B01D1FB29A28B4900FAFFE4 /* MockUpdaterHelper.swift in Sources */,
				4B01D1C229A2862500FAFFE4 /* OpenWeatherClient.swift in Sources */,
				E0AAF5CF2755041600093229 /* TestingAppDelegate.swift in Sources */,
				4B01D1F929A28B4900FAFFE4 /* UpdaterHelperTests.swift in Sources */,
				4B01D20529A28B4900FAFFE4 /* GeoLocationReceiverTests.swift in Sources */,
				4B01D1D329A286C900FAFFE4 /* PerseusUISystemKitSingle.swift in Sources */,
				4B01D1FE29A28B4900FAFFE4 /* MockGeoLocationService.swift in Sources */,
				4B01D1C829A2867C00FAFFE4 /* WeatherDataAutoUpdater.swift in Sources */,
				E0AAF5DB2755049800093229 /* SnapshotTests.swift in Sources */,
				4B01D20029A28B4900FAFFE4 /* LocalDataSaverStubbed.swift in Sources */,
				E0D9FF5B27632811009F197E /* LocalizationTestHelpers.swift in Sources */,
				E0AAF5DF2755051900093229 /* SettingsBundleLocalizationTests.swift in Sources */,
				4B01D1FF29A28B4900FAFFE4 /* TimerTargetStubbed.swift in Sources */,
				4B01D1BE29A2855200FAFFE4 /* Settings.swift in Sources */,
				4B01D1BB29A26E5A00FAFFE4 /* UnitTestingProtocols.swift in Sources */,
				4B01D1F729A28B4900FAFFE4 /* SettingsBundleTestHelpers.swift in Sources */,
				4B01D1D529A28AD600FAFFE4 /* AppDelegate.swift in Sources */,
				4B01D1FA29A28B4900FAFFE4 /* WeatherViewControllerSubstitutes.swift in Sources */,
				4B01D20629A28B4900FAFFE4 /* GeoLocationReceiverSubstitutes.swift in Sources */,
				4B01D1C429A2865F00FAFFE4 /* WeatherNationalAlertsView.swift in Sources */,
				4B01D1BC29A2852E00FAFFE4 /* LocalDataSaver.swift in Sources */,
				4B01D1D229A286C700FAFFE4 /* DarkModeFunctions.swift in Sources */,
				4B01D1C929A2867F00FAFFE4 /* UpdaterHelper.swift in Sources */,
				4B01D1CD29A2869600FAFFE4 /* WeatherStackView.swift in Sources */,
				4B01D1CE29A2869900FAFFE4 /* WeatherWithForecastHourlyStackView.swift in Sources */,
				4B01D1F529A28B4900FAFFE4 /* OpenWeatherCommunicationTests.swift in Sources */,
				4B01D1CF29A2869C00FAFFE4 /* WeatherWithForecastDailyStackView.swift in Sources */,
				4B01D1F629A28B4900FAFFE4 /* SettingsBundleFunctionalTests.swift in Sources */,
				4B01D1C329A2863200FAFFE4 /* WeatherDataModel.swift in Sources */,
				E0AAF5DD2755050000093229 /* PerformanceTests.swift in Sources */,
				E0B8B6422768E5E600CF5D09 /* CommonLocalizationTests.swift in Sources */,
				4B01D1C529A2866700FAFFE4 /* WeatherViewModel.swift in Sources */,
				4B01D1CC29A2869100FAFFE4 /* CurrentWeatherView.swift in Sources */,
				4B01D1BF29A2856100FAFFE4 /* GeoLocationReceiver.swift in Sources */,
				4B01D20129A28B4900FAFFE4 /* WeatherViewControllerTests.swift in Sources */,
				4B01D1FC29A28B4900FAFFE4 /* MockWeatherClientService.swift in Sources */,
				4B01D1CB29A2868F00FAFFE4 /* ForecastDailyView.swift in Sources */,
				4B01D1BD29A2854500FAFFE4 /* Result.swift in Sources */,
				4B01D1C029A2859C00FAFFE4 /* LocalizationExtentions.swift in Sources */,
				4B01D1F829A28B4900FAFFE4 /* WeatherDataAutoUpdaterTests.swift in Sources */,
			);
			runOnlyForDeploymentPostprocessing = 0;
		};
		E0C428BD27535BD800E65DFD /* Sources */ = {
			isa = PBXSourcesBuildPhase;
			buildActionMask = 2147483647;
			files = (
				E09284D0275E7B3E0090E267 /* WeatherLayoutView.swift in Sources */,
				E0BD36872790B669004C5E7B /* UnitTestingProtocols.swift in Sources */,
				E0EAD3CA278899E60019FCD7 /* DataStructures.swift in Sources */,
				E05E0E302773B80900C3E1E0 /* ForecastHourlyView.swift in Sources */,
				E05E0E362774878200C3E1E0 /* WeatherStackView.swift in Sources */,
				E0C841A4276128B90034E7F2 /* LocalizationExtentions.swift in Sources */,
				E05E0E3D2775C11900C3E1E0 /* WeatherDataModel.swift in Sources */,
				E05E0E342773B9D100C3E1E0 /* CurrentWeatherView.swift in Sources */,
				E09284DE275FFC2B0090E267 /* UserPreferences.swift in Sources */,
				E0AAF5EA2757C49500093229 /* OpenWeatherClient.swift in Sources */,
				E09284C7275DE4450090E267 /* WeatherViewController.swift in Sources */,
				E0BD368C27948AF3004C5E7B /* UpdaterHelper.swift in Sources */,
				E05E0E2A27738AFB00C3E1E0 /* WeatherWithForecastDailyStackView.swift in Sources */,
				4B6D0D0A29A098C800CD22AB /* PerseusUISystemKitSingle.swift in Sources */,
				4BF0F73D299BA3FB00C62924 /* AppDelegate.swift in Sources */,
				4B6D0D00299CECD300CD22AB /* Result.swift in Sources */,
				4B6D0D0829A0979800CD22AB /* SwiftyJSON.swift in Sources */,
				E00F8302288676B3000D0A01 /* DarkModeFunctions.swift in Sources */,
				E05E0E322773B93200C3E1E0 /* ForecastDailyView.swift in Sources */,
				E09284DA275FE64A0090E267 /* Settings.swift in Sources */,
				E05E0E3B2775AEEB00C3E1E0 /* WeatherViewModel.swift in Sources */,
				E0C428C927535BD800E65DFD /* MainViewController.swift in Sources */,
				E05E0E2E2773AC5100C3E1E0 /* WeatherWithForecastHourlyStackView.swift in Sources */,
				E0B8B63D276740C700CF5D09 /* GeoLocationReceiver.swift in Sources */,
				E0C428C527535BD800E65DFD /* main.swift in Sources */,
				E05E0E4327778F4D00C3E1E0 /* WeatherDataAutoUpdater.swift in Sources */,
				E05E0E2C27738B4D00C3E1E0 /* WeatherNationalAlertsView.swift in Sources */,
				E0D8253927A5A63400C710F8 /* LocalDataSaver.swift in Sources */,
			);
			runOnlyForDeploymentPostprocessing = 0;
		};
/* End PBXSourcesBuildPhase section */

/* Begin PBXTargetDependency section */
		E0AAF5D22755041600093229 /* PBXTargetDependency */ = {
			isa = PBXTargetDependency;
			target = E0C428C027535BD800E65DFD /* Weather */;
			targetProxy = E0AAF5D12755041600093229 /* PBXContainerItemProxy */;
		};
/* End PBXTargetDependency section */

/* Begin PBXVariantGroup section */
		E0C428CA27535BD800E65DFD /* MainViewController.storyboard */ = {
			isa = PBXVariantGroup;
			children = (
				E0C428CB27535BD800E65DFD /* Base */,
			);
			name = MainViewController.storyboard;
			sourceTree = "<group>";
		};
		E0C428CF27535BDD00E65DFD /* LaunchScreen.storyboard */ = {
			isa = PBXVariantGroup;
			children = (
				E0C428D027535BDD00E65DFD /* Base */,
			);
			name = LaunchScreen.storyboard;
			sourceTree = "<group>";
		};
		E0C841A1276125B80034E7F2 /* InfoPlist.strings */ = {
			isa = PBXVariantGroup;
			children = (
				E0C841A0276125B80034E7F2 /* en */,
				E0C841A2276125D60034E7F2 /* ru */,
			);
			name = InfoPlist.strings;
			sourceTree = "<group>";
		};
		E0C841AF27612A700034E7F2 /* Localizable.strings */ = {
			isa = PBXVariantGroup;
			children = (
				E0C841AE27612A700034E7F2 /* en */,
				E0C841B027612A750034E7F2 /* ru */,
			);
			name = Localizable.strings;
			sourceTree = "<group>";
		};
/* End PBXVariantGroup section */

/* Begin XCBuildConfiguration section */
		E0AAF5D32755041600093229 /* Debug */ = {
			isa = XCBuildConfiguration;
			buildSettings = {
				BUNDLE_LOADER = "$(TEST_HOST)";
				CODE_SIGN_STYLE = Automatic;
				DEVELOPMENT_TEAM = 6DRVN4F88C;
				INFOPLIST_FILE = WeatherTests/Info.plist;
				IPHONEOS_DEPLOYMENT_TARGET = 9.3;
				LD_RUNPATH_SEARCH_PATHS = (
					"$(inherited)",
					"@executable_path/Frameworks",
					"@loader_path/Frameworks",
				);
				PRODUCT_BUNDLE_IDENTIFIER = com.perseus.lab.WeatherTests;
				PRODUCT_NAME = "$(TARGET_NAME)";
				SWIFT_VERSION = 4.2;
				TARGETED_DEVICE_FAMILY = "1,2";
				TEST_HOST = "$(BUILT_PRODUCTS_DIR)/Weather.app/Weather";
			};
			name = Debug;
		};
		E0AAF5D42755041600093229 /* Release */ = {
			isa = XCBuildConfiguration;
			buildSettings = {
				BUNDLE_LOADER = "$(TEST_HOST)";
				CODE_SIGN_STYLE = Automatic;
				DEVELOPMENT_TEAM = 6DRVN4F88C;
				INFOPLIST_FILE = WeatherTests/Info.plist;
				IPHONEOS_DEPLOYMENT_TARGET = 9.3;
				LD_RUNPATH_SEARCH_PATHS = (
					"$(inherited)",
					"@executable_path/Frameworks",
					"@loader_path/Frameworks",
				);
				PRODUCT_BUNDLE_IDENTIFIER = com.perseus.lab.WeatherTests;
				PRODUCT_NAME = "$(TARGET_NAME)";
				SWIFT_VERSION = 4.2;
				TARGETED_DEVICE_FAMILY = "1,2";
				TEST_HOST = "$(BUILT_PRODUCTS_DIR)/Weather.app/Weather";
			};
			name = Release;
		};
		E0C428D327535BDD00E65DFD /* Debug */ = {
			isa = XCBuildConfiguration;
			buildSettings = {
				ALWAYS_SEARCH_USER_PATHS = NO;
				CLANG_ANALYZER_LOCALIZABILITY_NONLOCALIZED = YES;
				CLANG_ANALYZER_NONNULL = YES;
				CLANG_ANALYZER_NUMBER_OBJECT_CONVERSION = YES_AGGRESSIVE;
				CLANG_CXX_LANGUAGE_STANDARD = "gnu++14";
				CLANG_CXX_LIBRARY = "libc++";
				CLANG_ENABLE_MODULES = YES;
				CLANG_ENABLE_OBJC_ARC = YES;
				CLANG_ENABLE_OBJC_WEAK = YES;
				CLANG_WARN_BLOCK_CAPTURE_AUTORELEASING = YES;
				CLANG_WARN_BOOL_CONVERSION = YES;
				CLANG_WARN_COMMA = YES;
				CLANG_WARN_CONSTANT_CONVERSION = YES;
				CLANG_WARN_DEPRECATED_OBJC_IMPLEMENTATIONS = YES;
				CLANG_WARN_DIRECT_OBJC_ISA_USAGE = YES_ERROR;
				CLANG_WARN_DOCUMENTATION_COMMENTS = YES;
				CLANG_WARN_EMPTY_BODY = YES;
				CLANG_WARN_ENUM_CONVERSION = YES;
				CLANG_WARN_INFINITE_RECURSION = YES;
				CLANG_WARN_INT_CONVERSION = YES;
				CLANG_WARN_NON_LITERAL_NULL_CONVERSION = YES;
				CLANG_WARN_OBJC_IMPLICIT_RETAIN_SELF = YES;
				CLANG_WARN_OBJC_LITERAL_CONVERSION = YES;
				CLANG_WARN_OBJC_ROOT_CLASS = YES_ERROR;
				CLANG_WARN_QUOTED_INCLUDE_IN_FRAMEWORK_HEADER = YES;
				CLANG_WARN_RANGE_LOOP_ANALYSIS = YES;
				CLANG_WARN_STRICT_PROTOTYPES = YES;
				CLANG_WARN_SUSPICIOUS_MOVE = YES;
				CLANG_WARN_UNGUARDED_AVAILABILITY = YES_AGGRESSIVE;
				CLANG_WARN_UNREACHABLE_CODE = YES;
				CLANG_WARN__DUPLICATE_METHOD_MATCH = YES;
				COPY_PHASE_STRIP = NO;
				DEBUG_INFORMATION_FORMAT = dwarf;
				ENABLE_STRICT_OBJC_MSGSEND = YES;
				ENABLE_TESTABILITY = YES;
				GCC_C_LANGUAGE_STANDARD = gnu11;
				GCC_DYNAMIC_NO_PIC = NO;
				GCC_NO_COMMON_BLOCKS = YES;
				GCC_OPTIMIZATION_LEVEL = 0;
				GCC_PREPROCESSOR_DEFINITIONS = (
					"DEBUG=1",
					"$(inherited)",
				);
				GCC_WARN_64_TO_32_BIT_CONVERSION = YES;
				GCC_WARN_ABOUT_RETURN_TYPE = YES_ERROR;
				GCC_WARN_UNDECLARED_SELECTOR = YES;
				GCC_WARN_UNINITIALIZED_AUTOS = YES_AGGRESSIVE;
				GCC_WARN_UNUSED_FUNCTION = YES;
				GCC_WARN_UNUSED_VARIABLE = YES;
				IPHONEOS_DEPLOYMENT_TARGET = 9.0;
				MTL_ENABLE_DEBUG_INFO = INCLUDE_SOURCE;
				MTL_FAST_MATH = YES;
				ONLY_ACTIVE_ARCH = YES;
				SDKROOT = iphoneos;
				SWIFT_ACTIVE_COMPILATION_CONDITIONS = DEBUG;
				SWIFT_OPTIMIZATION_LEVEL = "-Onone";
			};
			name = Debug;
		};
		E0C428D427535BDD00E65DFD /* Release */ = {
			isa = XCBuildConfiguration;
			buildSettings = {
				ALWAYS_SEARCH_USER_PATHS = NO;
				CLANG_ANALYZER_LOCALIZABILITY_NONLOCALIZED = YES;
				CLANG_ANALYZER_NONNULL = YES;
				CLANG_ANALYZER_NUMBER_OBJECT_CONVERSION = YES_AGGRESSIVE;
				CLANG_CXX_LANGUAGE_STANDARD = "gnu++14";
				CLANG_CXX_LIBRARY = "libc++";
				CLANG_ENABLE_MODULES = YES;
				CLANG_ENABLE_OBJC_ARC = YES;
				CLANG_ENABLE_OBJC_WEAK = YES;
				CLANG_WARN_BLOCK_CAPTURE_AUTORELEASING = YES;
				CLANG_WARN_BOOL_CONVERSION = YES;
				CLANG_WARN_COMMA = YES;
				CLANG_WARN_CONSTANT_CONVERSION = YES;
				CLANG_WARN_DEPRECATED_OBJC_IMPLEMENTATIONS = YES;
				CLANG_WARN_DIRECT_OBJC_ISA_USAGE = YES_ERROR;
				CLANG_WARN_DOCUMENTATION_COMMENTS = YES;
				CLANG_WARN_EMPTY_BODY = YES;
				CLANG_WARN_ENUM_CONVERSION = YES;
				CLANG_WARN_INFINITE_RECURSION = YES;
				CLANG_WARN_INT_CONVERSION = YES;
				CLANG_WARN_NON_LITERAL_NULL_CONVERSION = YES;
				CLANG_WARN_OBJC_IMPLICIT_RETAIN_SELF = YES;
				CLANG_WARN_OBJC_LITERAL_CONVERSION = YES;
				CLANG_WARN_OBJC_ROOT_CLASS = YES_ERROR;
				CLANG_WARN_QUOTED_INCLUDE_IN_FRAMEWORK_HEADER = YES;
				CLANG_WARN_RANGE_LOOP_ANALYSIS = YES;
				CLANG_WARN_STRICT_PROTOTYPES = YES;
				CLANG_WARN_SUSPICIOUS_MOVE = YES;
				CLANG_WARN_UNGUARDED_AVAILABILITY = YES_AGGRESSIVE;
				CLANG_WARN_UNREACHABLE_CODE = YES;
				CLANG_WARN__DUPLICATE_METHOD_MATCH = YES;
				COPY_PHASE_STRIP = NO;
				DEBUG_INFORMATION_FORMAT = "dwarf-with-dsym";
				ENABLE_NS_ASSERTIONS = NO;
				ENABLE_STRICT_OBJC_MSGSEND = YES;
				GCC_C_LANGUAGE_STANDARD = gnu11;
				GCC_NO_COMMON_BLOCKS = YES;
				GCC_WARN_64_TO_32_BIT_CONVERSION = YES;
				GCC_WARN_ABOUT_RETURN_TYPE = YES_ERROR;
				GCC_WARN_UNDECLARED_SELECTOR = YES;
				GCC_WARN_UNINITIALIZED_AUTOS = YES_AGGRESSIVE;
				GCC_WARN_UNUSED_FUNCTION = YES;
				GCC_WARN_UNUSED_VARIABLE = YES;
				IPHONEOS_DEPLOYMENT_TARGET = 9.0;
				MTL_ENABLE_DEBUG_INFO = NO;
				MTL_FAST_MATH = YES;
				SDKROOT = iphoneos;
				SWIFT_COMPILATION_MODE = wholemodule;
				SWIFT_OPTIMIZATION_LEVEL = "-O";
				VALIDATE_PRODUCT = YES;
			};
			name = Release;
		};
		E0C428D627535BDD00E65DFD /* Debug */ = {
			isa = XCBuildConfiguration;
			buildSettings = {
				ASSETCATALOG_COMPILER_APPICON_NAME = AppIcon;
				ASSETCATALOG_COMPILER_GLOBAL_ACCENT_COLOR_NAME = AccentColor;
				CODE_SIGN_STYLE = Automatic;
				DEVELOPMENT_TEAM = 6DRVN4F88C;
				INFOPLIST_FILE = Weather/Configuration/Info.plist;
				IPHONEOS_DEPLOYMENT_TARGET = 9.3;
				LD_RUNPATH_SEARCH_PATHS = (
					"$(inherited)",
					"@executable_path/Frameworks",
				);
				LIBRARY_SEARCH_PATHS = "";
				PRODUCT_BUNDLE_IDENTIFIER = com.perseus.lab.weather;
				PRODUCT_NAME = "$(TARGET_NAME)";
				SWIFT_VERSION = 4.2;
				TARGETED_DEVICE_FAMILY = "1,2";
			};
			name = Debug;
		};
		E0C428D727535BDD00E65DFD /* Release */ = {
			isa = XCBuildConfiguration;
			buildSettings = {
				ASSETCATALOG_COMPILER_APPICON_NAME = AppIcon;
				ASSETCATALOG_COMPILER_GLOBAL_ACCENT_COLOR_NAME = AccentColor;
				CODE_SIGN_STYLE = Automatic;
				DEVELOPMENT_TEAM = 6DRVN4F88C;
				INFOPLIST_FILE = Weather/Configuration/Info.plist;
				IPHONEOS_DEPLOYMENT_TARGET = 9.3;
				LD_RUNPATH_SEARCH_PATHS = (
					"$(inherited)",
					"@executable_path/Frameworks",
				);
				LIBRARY_SEARCH_PATHS = "";
				PRODUCT_BUNDLE_IDENTIFIER = com.perseus.lab.weather;
				PRODUCT_NAME = "$(TARGET_NAME)";
				SWIFT_VERSION = 4.2;
				TARGETED_DEVICE_FAMILY = "1,2";
			};
			name = Release;
		};
/* End XCBuildConfiguration section */

/* Begin XCConfigurationList section */
		E0AAF5D52755041600093229 /* Build configuration list for PBXNativeTarget "WeatherTests" */ = {
			isa = XCConfigurationList;
			buildConfigurations = (
				E0AAF5D32755041600093229 /* Debug */,
				E0AAF5D42755041600093229 /* Release */,
			);
			defaultConfigurationIsVisible = 0;
			defaultConfigurationName = Release;
		};
		E0C428BC27535BD800E65DFD /* Build configuration list for PBXProject "Weather" */ = {
			isa = XCConfigurationList;
			buildConfigurations = (
				E0C428D327535BDD00E65DFD /* Debug */,
				E0C428D427535BDD00E65DFD /* Release */,
			);
			defaultConfigurationIsVisible = 0;
			defaultConfigurationName = Release;
		};
		E0C428D527535BDD00E65DFD /* Build configuration list for PBXNativeTarget "Weather" */ = {
			isa = XCConfigurationList;
			buildConfigurations = (
				E0C428D627535BDD00E65DFD /* Debug */,
				E0C428D727535BDD00E65DFD /* Release */,
			);
			defaultConfigurationIsVisible = 0;
			defaultConfigurationName = Release;
		};
/* End XCConfigurationList section */
	};
	rootObject = E0C428B927535BD800E65DFD /* Project object */;
}
