// !$*UTF8*$!
{
	archiveVersion = 1;
	classes = {
	};
	objectVersion = 54;
	objects = {

/* Begin PBXBuildFile section */
		2AA6B0B5AEEDC7540463E32C /* Pods_Weather.framework in Frameworks */ = {isa = PBXBuildFile; fileRef = 3A0DECB2F2697F868D6AC15C /* Pods_Weather.framework */; settings = {ATTRIBUTES = (Required, ); }; };
		E04A129D2859F20800F6F679 /* README.md in Resources */ = {isa = PBXBuildFile; fileRef = E04A129C2859F20800F6F679 /* README.md */; };
		E05E0E272770692300C3E1E0 /* MainModuleFunctionalTests.swift in Sources */ = {isa = PBXBuildFile; fileRef = E05E0E262770692300C3E1E0 /* MainModuleFunctionalTests.swift */; };
		E05E0E2A27738AFB00C3E1E0 /* CurrentWeatherWithForecastDailyStackView.swift in Sources */ = {isa = PBXBuildFile; fileRef = E05E0E2927738AFA00C3E1E0 /* CurrentWeatherWithForecastDailyStackView.swift */; };
		E05E0E2C27738B4D00C3E1E0 /* WeatherNationalAlertsView.swift in Sources */ = {isa = PBXBuildFile; fileRef = E05E0E2B27738B4D00C3E1E0 /* WeatherNationalAlertsView.swift */; };
		E05E0E2E2773AC5100C3E1E0 /* CurrentWeatherWithForecastHourlyStackView.swift in Sources */ = {isa = PBXBuildFile; fileRef = E05E0E2D2773AC5100C3E1E0 /* CurrentWeatherWithForecastHourlyStackView.swift */; };
		E05E0E302773B80900C3E1E0 /* ForecastHourlyView.swift in Sources */ = {isa = PBXBuildFile; fileRef = E05E0E2F2773B80900C3E1E0 /* ForecastHourlyView.swift */; };
		E05E0E322773B93200C3E1E0 /* ForecastDailyView.swift in Sources */ = {isa = PBXBuildFile; fileRef = E05E0E312773B93200C3E1E0 /* ForecastDailyView.swift */; };
		E05E0E342773B9D100C3E1E0 /* CurrentWeatherView.swift in Sources */ = {isa = PBXBuildFile; fileRef = E05E0E332773B9D100C3E1E0 /* CurrentWeatherView.swift */; };
		E05E0E362774878200C3E1E0 /* WeatherStackView.swift in Sources */ = {isa = PBXBuildFile; fileRef = E05E0E352774878200C3E1E0 /* WeatherStackView.swift */; };
		E05E0E3B2775AEEB00C3E1E0 /* WeatherViewModel.swift in Sources */ = {isa = PBXBuildFile; fileRef = E05E0E3A2775AEEB00C3E1E0 /* WeatherViewModel.swift */; };
		E05E0E3D2775C11900C3E1E0 /* WeatherDataModel.swift in Sources */ = {isa = PBXBuildFile; fileRef = E05E0E3C2775C11900C3E1E0 /* WeatherDataModel.swift */; };
		E05E0E4327778F4D00C3E1E0 /* WeatherDataAutoUpdater.swift in Sources */ = {isa = PBXBuildFile; fileRef = E05E0E4227778F4D00C3E1E0 /* WeatherDataAutoUpdater.swift */; };
		E09284C7275DE4450090E267 /* WeatherViewController.swift in Sources */ = {isa = PBXBuildFile; fileRef = E09284C5275DE4450090E267 /* WeatherViewController.swift */; };
		E09284D0275E7B3E0090E267 /* WeatherLayoutView.swift in Sources */ = {isa = PBXBuildFile; fileRef = E09284CF275E7B3E0090E267 /* WeatherLayoutView.swift */; };
		E09284D4275FD9E20090E267 /* Settings.bundle in Resources */ = {isa = PBXBuildFile; fileRef = E09284D3275FD9E20090E267 /* Settings.bundle */; };
		E09284DA275FE64A0090E267 /* Settings.swift in Sources */ = {isa = PBXBuildFile; fileRef = E09284D9275FE64A0090E267 /* Settings.swift */; };
		E09284DE275FFC2B0090E267 /* UserPreferences.swift in Sources */ = {isa = PBXBuildFile; fileRef = E09284DD275FFC2B0090E267 /* UserPreferences.swift */; };
		E0AAF5CF2755041600093229 /* TestingAppDelegate.swift in Sources */ = {isa = PBXBuildFile; fileRef = E0AAF5CE2755041600093229 /* TestingAppDelegate.swift */; };
		E0AAF5DB2755049800093229 /* SnapshotTests.swift in Sources */ = {isa = PBXBuildFile; fileRef = E0AAF5DA2755049800093229 /* SnapshotTests.swift */; };
		E0AAF5DD2755050000093229 /* PerformanceTests.swift in Sources */ = {isa = PBXBuildFile; fileRef = E0AAF5DC2755050000093229 /* PerformanceTests.swift */; };
		E0AAF5DF2755051900093229 /* SettingsBundleLocalizationTests.swift in Sources */ = {isa = PBXBuildFile; fileRef = E0AAF5DE2755051900093229 /* SettingsBundleLocalizationTests.swift */; };
		E0AAF5EA2757C49500093229 /* OpenWeatherClient.swift in Sources */ = {isa = PBXBuildFile; fileRef = E0AAF5E92757C49500093229 /* OpenWeatherClient.swift */; };
		E0AAF5EC2757C4B000093229 /* OpenWeatherCommunicationTests.swift in Sources */ = {isa = PBXBuildFile; fileRef = E0AAF5EB2757C4B000093229 /* OpenWeatherCommunicationTests.swift */; };
		E0AAF5F0275B987500093229 /* currentWeatherData.json in Resources */ = {isa = PBXBuildFile; fileRef = E0AAF5EF275B987500093229 /* currentWeatherData.json */; };
		E0B8B63D276740C700CF5D09 /* GeoLocationReceiver.swift in Sources */ = {isa = PBXBuildFile; fileRef = E0B8B63C276740C700CF5D09 /* GeoLocationReceiver.swift */; };
		E0B8B6402767898C00CF5D09 /* GeoLocationReceiverTests.swift in Sources */ = {isa = PBXBuildFile; fileRef = E0B8B63F2767898C00CF5D09 /* GeoLocationReceiverTests.swift */; };
		E0B8B6422768E5E600CF5D09 /* CommonLocalizationTests.swift in Sources */ = {isa = PBXBuildFile; fileRef = E0B8B6412768E5E600CF5D09 /* CommonLocalizationTests.swift */; };
		E0B8B644276A504A00CF5D09 /* CommonFunctionalTests.swift in Sources */ = {isa = PBXBuildFile; fileRef = E0B8B643276A504A00CF5D09 /* CommonFunctionalTests.swift */; };
		E0BD36872790B669004C5E7B /* UnitTestingProtocols.swift in Sources */ = {isa = PBXBuildFile; fileRef = E0BD36862790B669004C5E7B /* UnitTestingProtocols.swift */; };
		E0BD368C27948AF3004C5E7B /* UpdaterHelper.swift in Sources */ = {isa = PBXBuildFile; fileRef = E0BD368B27948AF3004C5E7B /* UpdaterHelper.swift */; };
		E0BD368E2795D2C2004C5E7B /* UpdaterHelperTests.swift in Sources */ = {isa = PBXBuildFile; fileRef = E0BD368D2795D2C2004C5E7B /* UpdaterHelperTests.swift */; };
		E0BD36902795D3BC004C5E7B /* MockUpdaterHelper.swift in Sources */ = {isa = PBXBuildFile; fileRef = E0BD368F2795D3BC004C5E7B /* MockUpdaterHelper.swift */; };
		E0BD369227969608004C5E7B /* TimerTargetStubbed.swift in Sources */ = {isa = PBXBuildFile; fileRef = E0BD369127969608004C5E7B /* TimerTargetStubbed.swift */; };
		E0C428C527535BD800E65DFD /* main.swift in Sources */ = {isa = PBXBuildFile; fileRef = E0C428C427535BD800E65DFD /* main.swift */; };
		E0C428C927535BD800E65DFD /* MainViewController.swift in Sources */ = {isa = PBXBuildFile; fileRef = E0C428C827535BD800E65DFD /* MainViewController.swift */; };
		E0C428CC27535BD800E65DFD /* MainViewController.storyboard in Resources */ = {isa = PBXBuildFile; fileRef = E0C428CA27535BD800E65DFD /* MainViewController.storyboard */; };
		E0C428CE27535BDD00E65DFD /* Assets.xcassets in Resources */ = {isa = PBXBuildFile; fileRef = E0C428CD27535BDD00E65DFD /* Assets.xcassets */; };
		E0C428D127535BDD00E65DFD /* LaunchScreen.storyboard in Resources */ = {isa = PBXBuildFile; fileRef = E0C428CF27535BDD00E65DFD /* LaunchScreen.storyboard */; };
		E0C428F52753636400E65DFD /* activity_diagram.png in Resources */ = {isa = PBXBuildFile; fileRef = E0C428F32753636400E65DFD /* activity_diagram.png */; };
		E0C428F62753636400E65DFD /* navigation_prototype.png in Resources */ = {isa = PBXBuildFile; fileRef = E0C428F42753636400E65DFD /* navigation_prototype.png */; };
		E0C428F92753638900E65DFD /* Localization_ru.plist in Resources */ = {isa = PBXBuildFile; fileRef = E0C428F72753638900E65DFD /* Localization_ru.plist */; };
		E0C428FA2753638900E65DFD /* Localization_en.plist in Resources */ = {isa = PBXBuildFile; fileRef = E0C428F82753638900E65DFD /* Localization_en.plist */; };
		E0C428FC275363AB00E65DFD /* DataModels.txt in Resources */ = {isa = PBXBuildFile; fileRef = E0C428FB275363AB00E65DFD /* DataModels.txt */; };
		E0C428FE275363B200E65DFD /* Requirements.txt in Resources */ = {isa = PBXBuildFile; fileRef = E0C428FD275363B200E65DFD /* Requirements.txt */; };
		E0C8419F276125B80034E7F2 /* InfoPlist.strings in Resources */ = {isa = PBXBuildFile; fileRef = E0C841A1276125B80034E7F2 /* InfoPlist.strings */; };
		E0C841A4276128B90034E7F2 /* LocalizationExtentions.swift in Sources */ = {isa = PBXBuildFile; fileRef = E0C841A3276128B90034E7F2 /* LocalizationExtentions.swift */; };
		E0C841AD27612A700034E7F2 /* Localizable.strings in Resources */ = {isa = PBXBuildFile; fileRef = E0C841AF27612A700034E7F2 /* Localizable.strings */; };
		E0CCE0862764093500E14D26 /* SettingsBundleFunctionalTests.swift in Sources */ = {isa = PBXBuildFile; fileRef = E0CCE0852764093500E14D26 /* SettingsBundleFunctionalTests.swift */; };
		E0CCE08827640B3A00E14D26 /* SettingsBundleTestHelpers.swift in Sources */ = {isa = PBXBuildFile; fileRef = E0CCE08727640B3A00E14D26 /* SettingsBundleTestHelpers.swift */; };
		E0D8253927A5A63400C710F8 /* LocalDataSaver.swift in Sources */ = {isa = PBXBuildFile; fileRef = E0D8253827A5A63400C710F8 /* LocalDataSaver.swift */; };
		E0D8253B27A5AA6700C710F8 /* LocalDataSaverStubbed.swift in Sources */ = {isa = PBXBuildFile; fileRef = E0D8253A27A5AA6700C710F8 /* LocalDataSaverStubbed.swift */; };
		E0D8253D27A5B3BF00C710F8 /* MockWeatherClientService.swift in Sources */ = {isa = PBXBuildFile; fileRef = E0D8253C27A5B3BF00C710F8 /* MockWeatherClientService.swift */; };
		E0D8254027A5C9E400C710F8 /* defaultLocationRU.json in Resources */ = {isa = PBXBuildFile; fileRef = E0D8253F27A5C9E400C710F8 /* defaultLocationRU.json */; };
		E0D8254227A6918E00C710F8 /* MockWeatherUpdaterDelegate.swift in Sources */ = {isa = PBXBuildFile; fileRef = E0D8254127A6918E00C710F8 /* MockWeatherUpdaterDelegate.swift */; };
		E0D8254427A6DD8C00C710F8 /* MockGeoLocationService.swift in Sources */ = {isa = PBXBuildFile; fileRef = E0D8254327A6DD8C00C710F8 /* MockGeoLocationService.swift */; };
		E0D8254627A7A72A00C710F8 /* alertsOnly.json in Resources */ = {isa = PBXBuildFile; fileRef = E0D8254527A7A72A00C710F8 /* alertsOnly.json */; };
		E0D9FF5B27632811009F197E /* LocalizationTestHelpers.swift in Sources */ = {isa = PBXBuildFile; fileRef = E0D9FF5A27632811009F197E /* LocalizationTestHelpers.swift */; };
		E0EAD3CA278899E60019FCD7 /* DataStructures.swift in Sources */ = {isa = PBXBuildFile; fileRef = E0EAD3C9278899E60019FCD7 /* DataStructures.swift */; };
		E0EAD3CD278AF1350019FCD7 /* WeatherViewControllerTests.swift in Sources */ = {isa = PBXBuildFile; fileRef = E0EAD3CC278AF1350019FCD7 /* WeatherViewControllerTests.swift */; };
		E0EAD3CF278C05F30019FCD7 /* WeatherViewControllerSubstitutes.swift in Sources */ = {isa = PBXBuildFile; fileRef = E0EAD3CE278C05F30019FCD7 /* WeatherViewControllerSubstitutes.swift */; };
		E0EAD3D1278F60F70019FCD7 /* GeoLocationReceiverSubstitutes.swift in Sources */ = {isa = PBXBuildFile; fileRef = E0EAD3D0278F60F60019FCD7 /* GeoLocationReceiverSubstitutes.swift */; };
		E0EAD3D5278F6E310019FCD7 /* WeatherDataAutoUpdaterTests.swift in Sources */ = {isa = PBXBuildFile; fileRef = E0EAD3D4278F6E310019FCD7 /* WeatherDataAutoUpdaterTests.swift */; };
		FBC9093A7DFA40F8C755F680 /* Pods_WeatherTests.framework in Frameworks */ = {isa = PBXBuildFile; fileRef = 7BAF201B43CB268F7A7B529A /* Pods_WeatherTests.framework */; };
/* End PBXBuildFile section */

/* Begin PBXContainerItemProxy section */
		E0AAF5D12755041600093229 /* PBXContainerItemProxy */ = {
			isa = PBXContainerItemProxy;
			containerPortal = E0C428B927535BD800E65DFD /* Project object */;
			proxyType = 1;
			remoteGlobalIDString = E0C428C027535BD800E65DFD;
			remoteInfo = Weather;
		};
/* End PBXContainerItemProxy section */

/* Begin PBXFileReference section */
		3A0DECB2F2697F868D6AC15C /* Pods_Weather.framework */ = {isa = PBXFileReference; explicitFileType = wrapper.framework; includeInIndex = 0; path = Pods_Weather.framework; sourceTree = BUILT_PRODUCTS_DIR; };
		7BAF201B43CB268F7A7B529A /* Pods_WeatherTests.framework */ = {isa = PBXFileReference; explicitFileType = wrapper.framework; includeInIndex = 0; path = Pods_WeatherTests.framework; sourceTree = BUILT_PRODUCTS_DIR; };
		814B236C1CA4F2EF043FD7FE /* Pods-WeatherTests.debug.xcconfig */ = {isa = PBXFileReference; includeInIndex = 1; lastKnownFileType = text.xcconfig; name = "Pods-WeatherTests.debug.xcconfig"; path = "Target Support Files/Pods-WeatherTests/Pods-WeatherTests.debug.xcconfig"; sourceTree = "<group>"; };
		9950AD8345E4DE3D72D6166D /* Pods-Weather.debug.xcconfig */ = {isa = PBXFileReference; includeInIndex = 1; lastKnownFileType = text.xcconfig; name = "Pods-Weather.debug.xcconfig"; path = "Target Support Files/Pods-Weather/Pods-Weather.debug.xcconfig"; sourceTree = "<group>"; };
		D80B61D6DEDC5785F52F69EC /* Pods-Weather.release.xcconfig */ = {isa = PBXFileReference; includeInIndex = 1; lastKnownFileType = text.xcconfig; name = "Pods-Weather.release.xcconfig"; path = "Target Support Files/Pods-Weather/Pods-Weather.release.xcconfig"; sourceTree = "<group>"; };
		DB04A34D7ED2673D76A85A4C /* Pods-WeatherTests.release.xcconfig */ = {isa = PBXFileReference; includeInIndex = 1; lastKnownFileType = text.xcconfig; name = "Pods-WeatherTests.release.xcconfig"; path = "Target Support Files/Pods-WeatherTests/Pods-WeatherTests.release.xcconfig"; sourceTree = "<group>"; };
		E04A129C2859F20800F6F679 /* README.md */ = {isa = PBXFileReference; fileEncoding = 4; lastKnownFileType = net.daringfireball.markdown; name = README.md; path = ../README.md; sourceTree = "<group>"; };
		E05E0E262770692300C3E1E0 /* MainModuleFunctionalTests.swift */ = {isa = PBXFileReference; lastKnownFileType = sourcecode.swift; path = MainModuleFunctionalTests.swift; sourceTree = "<group>"; };
		E05E0E2927738AFA00C3E1E0 /* CurrentWeatherWithForecastDailyStackView.swift */ = {isa = PBXFileReference; lastKnownFileType = sourcecode.swift; path = CurrentWeatherWithForecastDailyStackView.swift; sourceTree = "<group>"; };
		E05E0E2B27738B4D00C3E1E0 /* WeatherNationalAlertsView.swift */ = {isa = PBXFileReference; lastKnownFileType = sourcecode.swift; path = WeatherNationalAlertsView.swift; sourceTree = "<group>"; };
		E05E0E2D2773AC5100C3E1E0 /* CurrentWeatherWithForecastHourlyStackView.swift */ = {isa = PBXFileReference; lastKnownFileType = sourcecode.swift; path = CurrentWeatherWithForecastHourlyStackView.swift; sourceTree = "<group>"; };
		E05E0E2F2773B80900C3E1E0 /* ForecastHourlyView.swift */ = {isa = PBXFileReference; lastKnownFileType = sourcecode.swift; path = ForecastHourlyView.swift; sourceTree = "<group>"; };
		E05E0E312773B93200C3E1E0 /* ForecastDailyView.swift */ = {isa = PBXFileReference; lastKnownFileType = sourcecode.swift; path = ForecastDailyView.swift; sourceTree = "<group>"; };
		E05E0E332773B9D100C3E1E0 /* CurrentWeatherView.swift */ = {isa = PBXFileReference; lastKnownFileType = sourcecode.swift; path = CurrentWeatherView.swift; sourceTree = "<group>"; };
		E05E0E352774878200C3E1E0 /* WeatherStackView.swift */ = {isa = PBXFileReference; lastKnownFileType = sourcecode.swift; path = WeatherStackView.swift; sourceTree = "<group>"; };
		E05E0E3A2775AEEB00C3E1E0 /* WeatherViewModel.swift */ = {isa = PBXFileReference; lastKnownFileType = sourcecode.swift; path = WeatherViewModel.swift; sourceTree = "<group>"; };
		E05E0E3C2775C11900C3E1E0 /* WeatherDataModel.swift */ = {isa = PBXFileReference; lastKnownFileType = sourcecode.swift; path = WeatherDataModel.swift; sourceTree = "<group>"; };
		E05E0E4227778F4D00C3E1E0 /* WeatherDataAutoUpdater.swift */ = {isa = PBXFileReference; lastKnownFileType = sourcecode.swift; path = WeatherDataAutoUpdater.swift; sourceTree = "<group>"; };
		E09284C5275DE4450090E267 /* WeatherViewController.swift */ = {isa = PBXFileReference; lastKnownFileType = sourcecode.swift; path = WeatherViewController.swift; sourceTree = "<group>"; };
		E09284CF275E7B3E0090E267 /* WeatherLayoutView.swift */ = {isa = PBXFileReference; lastKnownFileType = sourcecode.swift; path = WeatherLayoutView.swift; sourceTree = "<group>"; };
		E09284D3275FD9E20090E267 /* Settings.bundle */ = {isa = PBXFileReference; lastKnownFileType = "wrapper.plug-in"; path = Settings.bundle; sourceTree = "<group>"; };
		E09284D9275FE64A0090E267 /* Settings.swift */ = {isa = PBXFileReference; lastKnownFileType = sourcecode.swift; path = Settings.swift; sourceTree = "<group>"; };
		E09284DD275FFC2B0090E267 /* UserPreferences.swift */ = {isa = PBXFileReference; lastKnownFileType = sourcecode.swift; path = UserPreferences.swift; sourceTree = "<group>"; };
		E0AAF5CC2755041600093229 /* WeatherTests.xctest */ = {isa = PBXFileReference; explicitFileType = wrapper.cfbundle; includeInIndex = 0; path = WeatherTests.xctest; sourceTree = BUILT_PRODUCTS_DIR; };
		E0AAF5CE2755041600093229 /* TestingAppDelegate.swift */ = {isa = PBXFileReference; lastKnownFileType = sourcecode.swift; path = TestingAppDelegate.swift; sourceTree = "<group>"; };
		E0AAF5D02755041600093229 /* Info.plist */ = {isa = PBXFileReference; lastKnownFileType = text.plist.xml; path = Info.plist; sourceTree = "<group>"; };
		E0AAF5DA2755049800093229 /* SnapshotTests.swift */ = {isa = PBXFileReference; lastKnownFileType = sourcecode.swift; path = SnapshotTests.swift; sourceTree = "<group>"; };
		E0AAF5DC2755050000093229 /* PerformanceTests.swift */ = {isa = PBXFileReference; lastKnownFileType = sourcecode.swift; path = PerformanceTests.swift; sourceTree = "<group>"; };
		E0AAF5DE2755051900093229 /* SettingsBundleLocalizationTests.swift */ = {isa = PBXFileReference; lastKnownFileType = sourcecode.swift; path = SettingsBundleLocalizationTests.swift; sourceTree = "<group>"; };
		E0AAF5E52755061600093229 /* PerformanceTests.xctestplan */ = {isa = PBXFileReference; lastKnownFileType = text; path = PerformanceTests.xctestplan; sourceTree = "<group>"; };
		E0AAF5E62755065800093229 /* SnapshotTests.xctestplan */ = {isa = PBXFileReference; lastKnownFileType = text; path = SnapshotTests.xctestplan; sourceTree = "<group>"; };
		E0AAF5E92757C49500093229 /* OpenWeatherClient.swift */ = {isa = PBXFileReference; lastKnownFileType = sourcecode.swift; path = OpenWeatherClient.swift; sourceTree = "<group>"; };
		E0AAF5EB2757C4B000093229 /* OpenWeatherCommunicationTests.swift */ = {isa = PBXFileReference; lastKnownFileType = sourcecode.swift; path = OpenWeatherCommunicationTests.swift; sourceTree = "<group>"; };
		E0AAF5EF275B987500093229 /* currentWeatherData.json */ = {isa = PBXFileReference; lastKnownFileType = text.json; path = currentWeatherData.json; sourceTree = "<group>"; };
		E0B8B63C276740C700CF5D09 /* GeoLocationReceiver.swift */ = {isa = PBXFileReference; lastKnownFileType = sourcecode.swift; path = GeoLocationReceiver.swift; sourceTree = "<group>"; };
		E0B8B63F2767898C00CF5D09 /* GeoLocationReceiverTests.swift */ = {isa = PBXFileReference; lastKnownFileType = sourcecode.swift; path = GeoLocationReceiverTests.swift; sourceTree = "<group>"; };
		E0B8B6412768E5E600CF5D09 /* CommonLocalizationTests.swift */ = {isa = PBXFileReference; lastKnownFileType = sourcecode.swift; path = CommonLocalizationTests.swift; sourceTree = "<group>"; };
		E0B8B643276A504A00CF5D09 /* CommonFunctionalTests.swift */ = {isa = PBXFileReference; lastKnownFileType = sourcecode.swift; path = CommonFunctionalTests.swift; sourceTree = "<group>"; };
		E0B8B645276A515700CF5D09 /* FunctionalTests.xctestplan */ = {isa = PBXFileReference; lastKnownFileType = text; path = FunctionalTests.xctestplan; sourceTree = "<group>"; };
		E0B8B646276A518600CF5D09 /* LocalizationTests.xctestplan */ = {isa = PBXFileReference; lastKnownFileType = text; path = LocalizationTests.xctestplan; sourceTree = "<group>"; };
		E0BD36862790B669004C5E7B /* UnitTestingProtocols.swift */ = {isa = PBXFileReference; lastKnownFileType = sourcecode.swift; path = UnitTestingProtocols.swift; sourceTree = "<group>"; };
		E0BD368B27948AF3004C5E7B /* UpdaterHelper.swift */ = {isa = PBXFileReference; lastKnownFileType = sourcecode.swift; path = UpdaterHelper.swift; sourceTree = "<group>"; };
		E0BD368D2795D2C2004C5E7B /* UpdaterHelperTests.swift */ = {isa = PBXFileReference; lastKnownFileType = sourcecode.swift; path = UpdaterHelperTests.swift; sourceTree = "<group>"; };
		E0BD368F2795D3BC004C5E7B /* MockUpdaterHelper.swift */ = {isa = PBXFileReference; lastKnownFileType = sourcecode.swift; path = MockUpdaterHelper.swift; sourceTree = "<group>"; };
		E0BD369127969608004C5E7B /* TimerTargetStubbed.swift */ = {isa = PBXFileReference; lastKnownFileType = sourcecode.swift; path = TimerTargetStubbed.swift; sourceTree = "<group>"; };
		E0C428C127535BD800E65DFD /* Weather.app */ = {isa = PBXFileReference; explicitFileType = wrapper.application; includeInIndex = 0; path = Weather.app; sourceTree = BUILT_PRODUCTS_DIR; };
		E0C428C427535BD800E65DFD /* main.swift */ = {isa = PBXFileReference; lastKnownFileType = sourcecode.swift; path = main.swift; sourceTree = "<group>"; };
		E0C428C827535BD800E65DFD /* MainViewController.swift */ = {isa = PBXFileReference; lastKnownFileType = sourcecode.swift; path = MainViewController.swift; sourceTree = "<group>"; };
		E0C428CB27535BD800E65DFD /* Base */ = {isa = PBXFileReference; lastKnownFileType = file.storyboard; name = Base; path = Base.lproj/MainViewController.storyboard; sourceTree = "<group>"; };
		E0C428CD27535BDD00E65DFD /* Assets.xcassets */ = {isa = PBXFileReference; lastKnownFileType = folder.assetcatalog; path = Assets.xcassets; sourceTree = "<group>"; };
		E0C428D027535BDD00E65DFD /* Base */ = {isa = PBXFileReference; lastKnownFileType = file.storyboard; name = Base; path = Base.lproj/LaunchScreen.storyboard; sourceTree = "<group>"; };
		E0C428D227535BDD00E65DFD /* Info.plist */ = {isa = PBXFileReference; lastKnownFileType = text.plist.xml; path = Info.plist; sourceTree = "<group>"; };
		E0C428F32753636400E65DFD /* activity_diagram.png */ = {isa = PBXFileReference; lastKnownFileType = image.png; path = activity_diagram.png; sourceTree = "<group>"; };
		E0C428F42753636400E65DFD /* navigation_prototype.png */ = {isa = PBXFileReference; lastKnownFileType = image.png; path = navigation_prototype.png; sourceTree = "<group>"; };
		E0C428F72753638900E65DFD /* Localization_ru.plist */ = {isa = PBXFileReference; fileEncoding = 4; lastKnownFileType = text.plist.xml; path = Localization_ru.plist; sourceTree = "<group>"; };
		E0C428F82753638900E65DFD /* Localization_en.plist */ = {isa = PBXFileReference; fileEncoding = 4; lastKnownFileType = text.plist.xml; path = Localization_en.plist; sourceTree = "<group>"; };
		E0C428FB275363AB00E65DFD /* DataModels.txt */ = {isa = PBXFileReference; fileEncoding = 4; lastKnownFileType = text; path = DataModels.txt; sourceTree = "<group>"; };
		E0C428FD275363B200E65DFD /* Requirements.txt */ = {isa = PBXFileReference; fileEncoding = 4; lastKnownFileType = text; path = Requirements.txt; sourceTree = "<group>"; };
		E0C841A0276125B80034E7F2 /* en */ = {isa = PBXFileReference; lastKnownFileType = text.plist.strings; name = en; path = en.lproj/InfoPlist.strings; sourceTree = "<group>"; };
		E0C841A2276125D60034E7F2 /* ru */ = {isa = PBXFileReference; lastKnownFileType = text.plist.strings; name = ru; path = ru.lproj/InfoPlist.strings; sourceTree = "<group>"; };
		E0C841A3276128B90034E7F2 /* LocalizationExtentions.swift */ = {isa = PBXFileReference; lastKnownFileType = sourcecode.swift; path = LocalizationExtentions.swift; sourceTree = "<group>"; };
		E0C841AE27612A700034E7F2 /* en */ = {isa = PBXFileReference; lastKnownFileType = text.plist.strings; name = en; path = en.lproj/Localizable.strings; sourceTree = "<group>"; };
		E0C841B027612A750034E7F2 /* ru */ = {isa = PBXFileReference; lastKnownFileType = text.plist.strings; name = ru; path = ru.lproj/Localizable.strings; sourceTree = "<group>"; };
		E0CCE0852764093500E14D26 /* SettingsBundleFunctionalTests.swift */ = {isa = PBXFileReference; lastKnownFileType = sourcecode.swift; path = SettingsBundleFunctionalTests.swift; sourceTree = "<group>"; };
		E0CCE08727640B3A00E14D26 /* SettingsBundleTestHelpers.swift */ = {isa = PBXFileReference; lastKnownFileType = sourcecode.swift; path = SettingsBundleTestHelpers.swift; sourceTree = "<group>"; };
		E0D8253727A4179600C710F8 /* SomeTestsJustForNow.xctestplan */ = {isa = PBXFileReference; lastKnownFileType = text; path = SomeTestsJustForNow.xctestplan; sourceTree = "<group>"; };
		E0D8253827A5A63400C710F8 /* LocalDataSaver.swift */ = {isa = PBXFileReference; lastKnownFileType = sourcecode.swift; path = LocalDataSaver.swift; sourceTree = "<group>"; };
		E0D8253A27A5AA6700C710F8 /* LocalDataSaverStubbed.swift */ = {isa = PBXFileReference; lastKnownFileType = sourcecode.swift; path = LocalDataSaverStubbed.swift; sourceTree = "<group>"; };
		E0D8253C27A5B3BF00C710F8 /* MockWeatherClientService.swift */ = {isa = PBXFileReference; lastKnownFileType = sourcecode.swift; path = MockWeatherClientService.swift; sourceTree = "<group>"; };
		E0D8253F27A5C9E400C710F8 /* defaultLocationRU.json */ = {isa = PBXFileReference; lastKnownFileType = text.json; path = defaultLocationRU.json; sourceTree = "<group>"; };
		E0D8254127A6918E00C710F8 /* MockWeatherUpdaterDelegate.swift */ = {isa = PBXFileReference; lastKnownFileType = sourcecode.swift; path = MockWeatherUpdaterDelegate.swift; sourceTree = "<group>"; };
		E0D8254327A6DD8C00C710F8 /* MockGeoLocationService.swift */ = {isa = PBXFileReference; lastKnownFileType = sourcecode.swift; path = MockGeoLocationService.swift; sourceTree = "<group>"; };
		E0D8254527A7A72A00C710F8 /* alertsOnly.json */ = {isa = PBXFileReference; lastKnownFileType = text.json; path = alertsOnly.json; sourceTree = "<group>"; };
		E0D9FF5A27632811009F197E /* LocalizationTestHelpers.swift */ = {isa = PBXFileReference; lastKnownFileType = sourcecode.swift; path = LocalizationTestHelpers.swift; sourceTree = "<group>"; };
		E0EAD3C9278899E60019FCD7 /* DataStructures.swift */ = {isa = PBXFileReference; lastKnownFileType = sourcecode.swift; path = DataStructures.swift; sourceTree = "<group>"; };
		E0EAD3CC278AF1350019FCD7 /* WeatherViewControllerTests.swift */ = {isa = PBXFileReference; lastKnownFileType = sourcecode.swift; path = WeatherViewControllerTests.swift; sourceTree = "<group>"; };
		E0EAD3CE278C05F30019FCD7 /* WeatherViewControllerSubstitutes.swift */ = {isa = PBXFileReference; lastKnownFileType = sourcecode.swift; path = WeatherViewControllerSubstitutes.swift; sourceTree = "<group>"; };
		E0EAD3D0278F60F60019FCD7 /* GeoLocationReceiverSubstitutes.swift */ = {isa = PBXFileReference; lastKnownFileType = sourcecode.swift; path = GeoLocationReceiverSubstitutes.swift; sourceTree = "<group>"; };
		E0EAD3D4278F6E310019FCD7 /* WeatherDataAutoUpdaterTests.swift */ = {isa = PBXFileReference; lastKnownFileType = sourcecode.swift; path = WeatherDataAutoUpdaterTests.swift; sourceTree = "<group>"; };
/* End PBXFileReference section */

/* Begin PBXFrameworksBuildPhase section */
		E0AAF5C92755041600093229 /* Frameworks */ = {
			isa = PBXFrameworksBuildPhase;
			buildActionMask = 2147483647;
			files = (
				FBC9093A7DFA40F8C755F680 /* Pods_WeatherTests.framework in Frameworks */,
			);
			runOnlyForDeploymentPostprocessing = 0;
		};
		E0C428BE27535BD800E65DFD /* Frameworks */ = {
			isa = PBXFrameworksBuildPhase;
			buildActionMask = 2147483647;
			files = (
				2AA6B0B5AEEDC7540463E32C /* Pods_Weather.framework in Frameworks */,
			);
			runOnlyForDeploymentPostprocessing = 0;
		};
/* End PBXFrameworksBuildPhase section */

/* Begin PBXGroup section */
		1B91A6E1C3D6C66E9B3FFB49 /* Pods */ = {
			isa = PBXGroup;
			children = (
				9950AD8345E4DE3D72D6166D /* Pods-Weather.debug.xcconfig */,
				D80B61D6DEDC5785F52F69EC /* Pods-Weather.release.xcconfig */,
				814B236C1CA4F2EF043FD7FE /* Pods-WeatherTests.debug.xcconfig */,
				DB04A34D7ED2673D76A85A4C /* Pods-WeatherTests.release.xcconfig */,
			);
			path = Pods;
			sourceTree = "<group>";
		};
		5277176477B553C180313C12 /* Frameworks */ = {
			isa = PBXGroup;
			children = (
				3A0DECB2F2697F868D6AC15C /* Pods_Weather.framework */,
				7BAF201B43CB268F7A7B529A /* Pods_WeatherTests.framework */,
			);
			name = Frameworks;
			sourceTree = "<group>";
		};
		E04A129A2859F16500F6F679 /* Configuration */ = {
			isa = PBXGroup;
			children = (
				E0C428C427535BD800E65DFD /* main.swift */,
				E0C428CD27535BDD00E65DFD /* Assets.xcassets */,
				E0C428D227535BDD00E65DFD /* Info.plist */,
				E0C428E027535E0500E65DFD /* Localization */,
			);
			path = Configuration;
			sourceTree = "<group>";
		};
		E04A129B2859F17400F6F679 /* Business content */ = {
			isa = PBXGroup;
			children = (
				E0C428DD27535DD800E65DFD /* Modules */,
				E0C428DC27535DBF00E65DFD /* Storyboards */,
				E0C428DF27535DF200E65DFD /* Business logic */,
			);
			path = "Business content";
			sourceTree = "<group>";
		};
		E05E0E252770623300C3E1E0 /* Main module tests */ = {
			isa = PBXGroup;
			children = (
				E05E0E262770692300C3E1E0 /* MainModuleFunctionalTests.swift */,
			);
			path = "Main module tests";
			sourceTree = "<group>";
		};
		E05E0E28277387C900C3E1E0 /* WeatherLayoutViewDetails */ = {
			isa = PBXGroup;
			children = (
				E0BD368A27948ABF004C5E7B /* Servants */,
				E05E0E412775E6B200C3E1E0 /* ViewModel */,
				E05E0E382774CB3300C3E1E0 /* ViewDetails */,
				E05E0E372774CA8500C3E1E0 /* StackViews */,
			);
			path = WeatherLayoutViewDetails;
			sourceTree = "<group>";
		};
		E05E0E372774CA8500C3E1E0 /* StackViews */ = {
			isa = PBXGroup;
			children = (
				E05E0E352774878200C3E1E0 /* WeatherStackView.swift */,
				E05E0E2D2773AC5100C3E1E0 /* CurrentWeatherWithForecastHourlyStackView.swift */,
				E05E0E2927738AFA00C3E1E0 /* CurrentWeatherWithForecastDailyStackView.swift */,
			);
			path = StackViews;
			sourceTree = "<group>";
		};
		E05E0E382774CB3300C3E1E0 /* ViewDetails */ = {
			isa = PBXGroup;
			children = (
				E05E0E2B27738B4D00C3E1E0 /* WeatherNationalAlertsView.swift */,
				E05E0E2F2773B80900C3E1E0 /* ForecastHourlyView.swift */,
				E05E0E312773B93200C3E1E0 /* ForecastDailyView.swift */,
				E05E0E332773B9D100C3E1E0 /* CurrentWeatherView.swift */,
			);
			path = ViewDetails;
			sourceTree = "<group>";
		};
		E05E0E3E2775E3F400C3E1E0 /* Weather */ = {
			isa = PBXGroup;
			children = (
				E0BD3688279152E5004C5E7B /* Protocols */,
				E05E0E402775E43300C3E1E0 /* View */,
				E09284C5275DE4450090E267 /* WeatherViewController.swift */,
			);
			path = Weather;
			sourceTree = "<group>";
		};
		E05E0E402775E43300C3E1E0 /* View */ = {
			isa = PBXGroup;
			children = (
				E05E0E28277387C900C3E1E0 /* WeatherLayoutViewDetails */,
				E09284CF275E7B3E0090E267 /* WeatherLayoutView.swift */,
			);
			path = View;
			sourceTree = "<group>";
		};
		E05E0E412775E6B200C3E1E0 /* ViewModel */ = {
			isa = PBXGroup;
			children = (
				E05E0E3A2775AEEB00C3E1E0 /* WeatherViewModel.swift */,
				E05E0E3C2775C11900C3E1E0 /* WeatherDataModel.swift */,
				E0EAD3C9278899E60019FCD7 /* DataStructures.swift */,
				E0D8253827A5A63400C710F8 /* LocalDataSaver.swift */,
			);
			path = ViewModel;
			sourceTree = "<group>";
		};
		E0AAF5CD2755041600093229 /* WeatherTests */ = {
			isa = PBXGroup;
			children = (
				E0AAF5D62755042200093229 /* Functional tests */,
				E0AAF5D72755042E00093229 /* Performance tests */,
				E0AAF5D82755043700093229 /* Snapshot tests */,
				E0AAF5CE2755041600093229 /* TestingAppDelegate.swift */,
				E0AAF5D02755041600093229 /* Info.plist */,
			);
			path = WeatherTests;
			sourceTree = "<group>";
		};
		E0AAF5D62755042200093229 /* Functional tests */ = {
			isa = PBXGroup;
			children = (
				E0B8B643276A504A00CF5D09 /* CommonFunctionalTests.swift */,
				E0EAD3CB278AEFC30019FCD7 /* Weather module tests */,
				E05E0E252770623300C3E1E0 /* Main module tests */,
				E0CCE084276408E700E14D26 /* Settings bundle tests */,
				E0B8B63E276788E900CF5D09 /* Geo location receiver tests */,
				E0AAF5ED275B976C00093229 /* Network communication tests */,
				E0AAF5D92755044300093229 /* Localization tests */,
			);
			path = "Functional tests";
			sourceTree = "<group>";
		};
		E0AAF5D72755042E00093229 /* Performance tests */ = {
			isa = PBXGroup;
			children = (
				E0AAF5DC2755050000093229 /* PerformanceTests.swift */,
			);
			path = "Performance tests";
			sourceTree = "<group>";
		};
		E0AAF5D82755043700093229 /* Snapshot tests */ = {
			isa = PBXGroup;
			children = (
				E0AAF5DA2755049800093229 /* SnapshotTests.swift */,
			);
			path = "Snapshot tests";
			sourceTree = "<group>";
		};
		E0AAF5D92755044300093229 /* Localization tests */ = {
			isa = PBXGroup;
			children = (
				E0B8B6412768E5E600CF5D09 /* CommonLocalizationTests.swift */,
				E0AAF5DE2755051900093229 /* SettingsBundleLocalizationTests.swift */,
				E0D9FF5A27632811009F197E /* LocalizationTestHelpers.swift */,
			);
			path = "Localization tests";
			sourceTree = "<group>";
		};
		E0AAF5ED275B976C00093229 /* Network communication tests */ = {
			isa = PBXGroup;
			children = (
				E0AAF5EB2757C4B000093229 /* OpenWeatherCommunicationTests.swift */,
				E0AAF5EE275B978400093229 /* Test data */,
			);
			path = "Network communication tests";
			sourceTree = "<group>";
		};
		E0AAF5EE275B978400093229 /* Test data */ = {
			isa = PBXGroup;
			children = (
				E0AAF5EF275B987500093229 /* currentWeatherData.json */,
			);
			path = "Test data";
			sourceTree = "<group>";
		};
		E0B8B63E276788E900CF5D09 /* Geo location receiver tests */ = {
			isa = PBXGroup;
			children = (
				E0B8B63F2767898C00CF5D09 /* GeoLocationReceiverTests.swift */,
				E0EAD3D0278F60F60019FCD7 /* GeoLocationReceiverSubstitutes.swift */,
			);
			path = "Geo location receiver tests";
			sourceTree = "<group>";
		};
		E0BD3688279152E5004C5E7B /* Protocols */ = {
			isa = PBXGroup;
			children = (
				E0BD36862790B669004C5E7B /* UnitTestingProtocols.swift */,
			);
			path = Protocols;
			sourceTree = "<group>";
		};
		E0BD3689279184E5004C5E7B /* Substitutes */ = {
			isa = PBXGroup;
			children = (
				E0EAD3CE278C05F30019FCD7 /* WeatherViewControllerSubstitutes.swift */,
				E0BD368F2795D3BC004C5E7B /* MockUpdaterHelper.swift */,
				E0BD369127969608004C5E7B /* TimerTargetStubbed.swift */,
				E0D8253A27A5AA6700C710F8 /* LocalDataSaverStubbed.swift */,
				E0D8253C27A5B3BF00C710F8 /* MockWeatherClientService.swift */,
				E0D8254127A6918E00C710F8 /* MockWeatherUpdaterDelegate.swift */,
				E0D8254327A6DD8C00C710F8 /* MockGeoLocationService.swift */,
			);
			path = Substitutes;
			sourceTree = "<group>";
		};
		E0BD368A27948ABF004C5E7B /* Servants */ = {
			isa = PBXGroup;
			children = (
				E05E0E4227778F4D00C3E1E0 /* WeatherDataAutoUpdater.swift */,
				E0BD368B27948AF3004C5E7B /* UpdaterHelper.swift */,
			);
			path = Servants;
			sourceTree = "<group>";
		};
		E0C428B827535BD800E65DFD = {
			isa = PBXGroup;
			children = (
				E04A129C2859F20800F6F679 /* README.md */,
				E0C428C327535BD800E65DFD /* Weather */,
				E0AAF5CD2755041600093229 /* WeatherTests */,
				E0C428C227535BD800E65DFD /* Products */,
				1B91A6E1C3D6C66E9B3FFB49 /* Pods */,
				5277176477B553C180313C12 /* Frameworks */,
			);
			sourceTree = "<group>";
		};
		E0C428C227535BD800E65DFD /* Products */ = {
			isa = PBXGroup;
			children = (
				E0C428C127535BD800E65DFD /* Weather.app */,
				E0AAF5CC2755041600093229 /* WeatherTests.xctest */,
			);
			name = Products;
			sourceTree = "<group>";
		};
		E0C428C327535BD800E65DFD /* Weather */ = {
			isa = PBXGroup;
			children = (
				E0C428D827535D8800E65DFD /* Requirements */,
				E04A129A2859F16500F6F679 /* Configuration */,
				E04A129B2859F17400F6F679 /* Business content */,
				E0C428E127535E1300E65DFD /* Test plans */,
			);
			path = Weather;
			sourceTree = "<group>";
		};
		E0C428D827535D8800E65DFD /* Requirements */ = {
			isa = PBXGroup;
			children = (
				E0C428FD275363B200E65DFD /* Requirements.txt */,
				E0C428FB275363AB00E65DFD /* DataModels.txt */,
				E0C428F82753638900E65DFD /* Localization_en.plist */,
				E0C428F72753638900E65DFD /* Localization_ru.plist */,
				E0C428D927535D9400E65DFD /* Diagrams */,
			);
			path = Requirements;
			sourceTree = "<group>";
		};
		E0C428D927535D9400E65DFD /* Diagrams */ = {
			isa = PBXGroup;
			children = (
				E0C428F32753636400E65DFD /* activity_diagram.png */,
				E0C428F42753636400E65DFD /* navigation_prototype.png */,
			);
			path = Diagrams;
			sourceTree = "<group>";
		};
		E0C428DC27535DBF00E65DFD /* Storyboards */ = {
			isa = PBXGroup;
			children = (
				E0C428CF27535BDD00E65DFD /* LaunchScreen.storyboard */,
				E0C428CA27535BD800E65DFD /* MainViewController.storyboard */,
			);
			path = Storyboards;
			sourceTree = "<group>";
		};
		E0C428DD27535DD800E65DFD /* Modules */ = {
			isa = PBXGroup;
			children = (
				E05E0E3E2775E3F400C3E1E0 /* Weather */,
				E0C428DE27535DDD00E65DFD /* Main */,
				E09284D3275FD9E20090E267 /* Settings.bundle */,
			);
			path = Modules;
			sourceTree = "<group>";
		};
		E0C428DE27535DDD00E65DFD /* Main */ = {
			isa = PBXGroup;
			children = (
				E0C428C827535BD800E65DFD /* MainViewController.swift */,
			);
			path = Main;
			sourceTree = "<group>";
		};
		E0C428DF27535DF200E65DFD /* Business logic */ = {
			isa = PBXGroup;
			children = (
				E0C428E927535E7E00E65DFD /* Entities */,
				E0C428EC27535E9300E65DFD /* Services */,
				E0C428EF27535EA600E65DFD /* Extentions */,
			);
			path = "Business logic";
			sourceTree = "<group>";
		};
		E0C428E027535E0500E65DFD /* Localization */ = {
			isa = PBXGroup;
			children = (
				E0C841A1276125B80034E7F2 /* InfoPlist.strings */,
				E0C841AF27612A700034E7F2 /* Localizable.strings */,
			);
			path = Localization;
			sourceTree = "<group>";
		};
		E0C428E127535E1300E65DFD /* Test plans */ = {
			isa = PBXGroup;
			children = (
				E0B8B645276A515700CF5D09 /* FunctionalTests.xctestplan */,
				E0B8B646276A518600CF5D09 /* LocalizationTests.xctestplan */,
				E0AAF5E52755061600093229 /* PerformanceTests.xctestplan */,
				E0AAF5E62755065800093229 /* SnapshotTests.xctestplan */,
				E0D8253727A4179600C710F8 /* SomeTestsJustForNow.xctestplan */,
			);
			path = "Test plans";
			sourceTree = "<group>";
		};
		E0C428E927535E7E00E65DFD /* Entities */ = {
			isa = PBXGroup;
			children = (
				E09284D9275FE64A0090E267 /* Settings.swift */,
			);
			path = Entities;
			sourceTree = "<group>";
		};
		E0C428EC27535E9300E65DFD /* Services */ = {
			isa = PBXGroup;
			children = (
				E0AAF5E92757C49500093229 /* OpenWeatherClient.swift */,
				E09284DD275FFC2B0090E267 /* UserPreferences.swift */,
				E0B8B63C276740C700CF5D09 /* GeoLocationReceiver.swift */,
			);
			path = Services;
			sourceTree = "<group>";
		};
		E0C428EF27535EA600E65DFD /* Extentions */ = {
			isa = PBXGroup;
			children = (
				E0C841A3276128B90034E7F2 /* LocalizationExtentions.swift */,
			);
			path = Extentions;
			sourceTree = "<group>";
		};
		E0CCE084276408E700E14D26 /* Settings bundle tests */ = {
			isa = PBXGroup;
			children = (
				E0CCE0852764093500E14D26 /* SettingsBundleFunctionalTests.swift */,
				E0CCE08727640B3A00E14D26 /* SettingsBundleTestHelpers.swift */,
			);
			path = "Settings bundle tests";
			sourceTree = "<group>";
		};
		E0D8253E27A5C99100C710F8 /* Test data */ = {
			isa = PBXGroup;
			children = (
				E0D8253F27A5C9E400C710F8 /* defaultLocationRU.json */,
				E0D8254527A7A72A00C710F8 /* alertsOnly.json */,
			);
			path = "Test data";
			sourceTree = "<group>";
		};
		E0EAD3CB278AEFC30019FCD7 /* Weather module tests */ = {
			isa = PBXGroup;
			children = (
				E0EAD3CC278AF1350019FCD7 /* WeatherViewControllerTests.swift */,
				E0EAD3D4278F6E310019FCD7 /* WeatherDataAutoUpdaterTests.swift */,
				E0BD368D2795D2C2004C5E7B /* UpdaterHelperTests.swift */,
				E0BD3689279184E5004C5E7B /* Substitutes */,
				E0D8253E27A5C99100C710F8 /* Test data */,
			);
			path = "Weather module tests";
			sourceTree = "<group>";
		};
/* End PBXGroup section */

/* Begin PBXNativeTarget section */
		E0AAF5CB2755041600093229 /* WeatherTests */ = {
			isa = PBXNativeTarget;
			buildConfigurationList = E0AAF5D52755041600093229 /* Build configuration list for PBXNativeTarget "WeatherTests" */;
			buildPhases = (
				D96355EDC066A7C385BB6F04 /* [CP] Check Pods Manifest.lock */,
				E0AAF5C82755041600093229 /* Sources */,
				E0AAF5C92755041600093229 /* Frameworks */,
				E0AAF5CA2755041600093229 /* Resources */,
			);
			buildRules = (
			);
			dependencies = (
				E0AAF5D22755041600093229 /* PBXTargetDependency */,
			);
			name = WeatherTests;
			productName = WeatherTests;
			productReference = E0AAF5CC2755041600093229 /* WeatherTests.xctest */;
			productType = "com.apple.product-type.bundle.unit-test";
		};
		E0C428C027535BD800E65DFD /* Weather */ = {
			isa = PBXNativeTarget;
			buildConfigurationList = E0C428D527535BDD00E65DFD /* Build configuration list for PBXNativeTarget "Weather" */;
			buildPhases = (
				4ECFE29303E835CD532FD23B /* [CP] Check Pods Manifest.lock */,
				E0C428BD27535BD800E65DFD /* Sources */,
				E0C428BE27535BD800E65DFD /* Frameworks */,
				E0C428BF27535BD800E65DFD /* Resources */,
			);
			buildRules = (
			);
			dependencies = (
			);
			name = Weather;
			productName = ios.native.weather;
			productReference = E0C428C127535BD800E65DFD /* Weather.app */;
			productType = "com.apple.product-type.application";
		};
/* End PBXNativeTarget section */

/* Begin PBXProject section */
		E0C428B927535BD800E65DFD /* Project object */ = {
			isa = PBXProject;
			attributes = {
				LastSwiftUpdateCheck = 1250;
				LastUpgradeCheck = 1340;
				TargetAttributes = {
					E0AAF5CB2755041600093229 = {
						CreatedOnToolsVersion = 12.5;
						TestTargetID = E0C428C027535BD800E65DFD;
					};
					E0C428C027535BD800E65DFD = {
						CreatedOnToolsVersion = 12.5;
					};
				};
			};
			buildConfigurationList = E0C428BC27535BD800E65DFD /* Build configuration list for PBXProject "Weather" */;
			compatibilityVersion = "Xcode 12.0";
			developmentRegion = en;
			hasScannedForEncodings = 0;
			knownRegions = (
				en,
				Base,
				ru,
			);
			mainGroup = E0C428B827535BD800E65DFD;
			productRefGroup = E0C428C227535BD800E65DFD /* Products */;
			projectDirPath = "";
			projectRoot = "";
			targets = (
				E0C428C027535BD800E65DFD /* Weather */,
				E0AAF5CB2755041600093229 /* WeatherTests */,
			);
		};
/* End PBXProject section */

/* Begin PBXResourcesBuildPhase section */
		E0AAF5CA2755041600093229 /* Resources */ = {
			isa = PBXResourcesBuildPhase;
			buildActionMask = 2147483647;
			files = (
				E0AAF5F0275B987500093229 /* currentWeatherData.json in Resources */,
				E0D8254027A5C9E400C710F8 /* defaultLocationRU.json in Resources */,
				E0D8254627A7A72A00C710F8 /* alertsOnly.json in Resources */,
			);
			runOnlyForDeploymentPostprocessing = 0;
		};
		E0C428BF27535BD800E65DFD /* Resources */ = {
			isa = PBXResourcesBuildPhase;
			buildActionMask = 2147483647;
			files = (
				E0C428D127535BDD00E65DFD /* LaunchScreen.storyboard in Resources */,
				E0C428F52753636400E65DFD /* activity_diagram.png in Resources */,
				E0C428CE27535BDD00E65DFD /* Assets.xcassets in Resources */,
				E0C841AD27612A700034E7F2 /* Localizable.strings in Resources */,
				E04A129D2859F20800F6F679 /* README.md in Resources */,
				E0C8419F276125B80034E7F2 /* InfoPlist.strings in Resources */,
				E0C428F62753636400E65DFD /* navigation_prototype.png in Resources */,
				E09284D4275FD9E20090E267 /* Settings.bundle in Resources */,
				E0C428FE275363B200E65DFD /* Requirements.txt in Resources */,
				E0C428F92753638900E65DFD /* Localization_ru.plist in Resources */,
				E0C428CC27535BD800E65DFD /* MainViewController.storyboard in Resources */,
				E0C428FA2753638900E65DFD /* Localization_en.plist in Resources */,
				E0C428FC275363AB00E65DFD /* DataModels.txt in Resources */,
			);
			runOnlyForDeploymentPostprocessing = 0;
		};
/* End PBXResourcesBuildPhase section */

/* Begin PBXShellScriptBuildPhase section */
		4ECFE29303E835CD532FD23B /* [CP] Check Pods Manifest.lock */ = {
			isa = PBXShellScriptBuildPhase;
			buildActionMask = 2147483647;
			files = (
			);
			inputFileListPaths = (
			);
			inputPaths = (
				"${PODS_PODFILE_DIR_PATH}/Podfile.lock",
				"${PODS_ROOT}/Manifest.lock",
			);
			name = "[CP] Check Pods Manifest.lock";
			outputFileListPaths = (
			);
			outputPaths = (
				"$(DERIVED_FILE_DIR)/Pods-Weather-checkManifestLockResult.txt",
			);
			runOnlyForDeploymentPostprocessing = 0;
			shellPath = /bin/sh;
			shellScript = "diff \"${PODS_PODFILE_DIR_PATH}/Podfile.lock\" \"${PODS_ROOT}/Manifest.lock\" > /dev/null\nif [ $? != 0 ] ; then\n    # print error to STDERR\n    echo \"error: The sandbox is not in sync with the Podfile.lock. Run 'pod install' or update your CocoaPods installation.\" >&2\n    exit 1\nfi\n# This output is used by Xcode 'outputs' to avoid re-running this script phase.\necho \"SUCCESS\" > \"${SCRIPT_OUTPUT_FILE_0}\"\n";
			showEnvVarsInLog = 0;
		};
		D96355EDC066A7C385BB6F04 /* [CP] Check Pods Manifest.lock */ = {
			isa = PBXShellScriptBuildPhase;
			buildActionMask = 2147483647;
			files = (
			);
			inputFileListPaths = (
			);
			inputPaths = (
				"${PODS_PODFILE_DIR_PATH}/Podfile.lock",
				"${PODS_ROOT}/Manifest.lock",
			);
			name = "[CP] Check Pods Manifest.lock";
			outputFileListPaths = (
			);
			outputPaths = (
				"$(DERIVED_FILE_DIR)/Pods-WeatherTests-checkManifestLockResult.txt",
			);
			runOnlyForDeploymentPostprocessing = 0;
			shellPath = /bin/sh;
			shellScript = "diff \"${PODS_PODFILE_DIR_PATH}/Podfile.lock\" \"${PODS_ROOT}/Manifest.lock\" > /dev/null\nif [ $? != 0 ] ; then\n    # print error to STDERR\n    echo \"error: The sandbox is not in sync with the Podfile.lock. Run 'pod install' or update your CocoaPods installation.\" >&2\n    exit 1\nfi\n# This output is used by Xcode 'outputs' to avoid re-running this script phase.\necho \"SUCCESS\" > \"${SCRIPT_OUTPUT_FILE_0}\"\n";
			showEnvVarsInLog = 0;
		};
/* End PBXShellScriptBuildPhase section */

/* Begin PBXSourcesBuildPhase section */
		E0AAF5C82755041600093229 /* Sources */ = {
			isa = PBXSourcesBuildPhase;
			buildActionMask = 2147483647;
			files = (
				E0B8B644276A504A00CF5D09 /* CommonFunctionalTests.swift in Sources */,
				E0CCE08827640B3A00E14D26 /* SettingsBundleTestHelpers.swift in Sources */,
				E0BD368E2795D2C2004C5E7B /* UpdaterHelperTests.swift in Sources */,
				E0AAF5CF2755041600093229 /* TestingAppDelegate.swift in Sources */,
				E05E0E272770692300C3E1E0 /* MainModuleFunctionalTests.swift in Sources */,
				E0D8254427A6DD8C00C710F8 /* MockGeoLocationService.swift in Sources */,
				E0BD369227969608004C5E7B /* TimerTargetStubbed.swift in Sources */,
				E0AAF5DB2755049800093229 /* SnapshotTests.swift in Sources */,
				E0EAD3D5278F6E310019FCD7 /* WeatherDataAutoUpdaterTests.swift in Sources */,
				E0EAD3D1278F60F70019FCD7 /* GeoLocationReceiverSubstitutes.swift in Sources */,
				E0AAF5EC2757C4B000093229 /* OpenWeatherCommunicationTests.swift in Sources */,
				E0BD36902795D3BC004C5E7B /* MockUpdaterHelper.swift in Sources */,
				E0EAD3CF278C05F30019FCD7 /* WeatherViewControllerSubstitutes.swift in Sources */,
				E0D9FF5B27632811009F197E /* LocalizationTestHelpers.swift in Sources */,
				E0AAF5DF2755051900093229 /* SettingsBundleLocalizationTests.swift in Sources */,
				E0D8254227A6918E00C710F8 /* MockWeatherUpdaterDelegate.swift in Sources */,
				E0B8B6402767898C00CF5D09 /* GeoLocationReceiverTests.swift in Sources */,
				E0AAF5DD2755050000093229 /* PerformanceTests.swift in Sources */,
				E0D8253D27A5B3BF00C710F8 /* MockWeatherClientService.swift in Sources */,
				E0CCE0862764093500E14D26 /* SettingsBundleFunctionalTests.swift in Sources */,
				E0EAD3CD278AF1350019FCD7 /* WeatherViewControllerTests.swift in Sources */,
				E0B8B6422768E5E600CF5D09 /* CommonLocalizationTests.swift in Sources */,
				E0D8253B27A5AA6700C710F8 /* LocalDataSaverStubbed.swift in Sources */,
			);
			runOnlyForDeploymentPostprocessing = 0;
		};
		E0C428BD27535BD800E65DFD /* Sources */ = {
			isa = PBXSourcesBuildPhase;
			buildActionMask = 2147483647;
			files = (
				E09284D0275E7B3E0090E267 /* WeatherLayoutView.swift in Sources */,
				E0BD36872790B669004C5E7B /* UnitTestingProtocols.swift in Sources */,
				E0EAD3CA278899E60019FCD7 /* DataStructures.swift in Sources */,
				E05E0E302773B80900C3E1E0 /* ForecastHourlyView.swift in Sources */,
				E05E0E362774878200C3E1E0 /* WeatherStackView.swift in Sources */,
				E0C841A4276128B90034E7F2 /* LocalizationExtentions.swift in Sources */,
				E05E0E3D2775C11900C3E1E0 /* WeatherDataModel.swift in Sources */,
				E05E0E342773B9D100C3E1E0 /* CurrentWeatherView.swift in Sources */,
				E09284DE275FFC2B0090E267 /* UserPreferences.swift in Sources */,
				E0AAF5EA2757C49500093229 /* OpenWeatherClient.swift in Sources */,
				E09284C7275DE4450090E267 /* WeatherViewController.swift in Sources */,
				E0BD368C27948AF3004C5E7B /* UpdaterHelper.swift in Sources */,
				E05E0E2A27738AFB00C3E1E0 /* CurrentWeatherWithForecastDailyStackView.swift in Sources */,
				E05E0E322773B93200C3E1E0 /* ForecastDailyView.swift in Sources */,
				E09284DA275FE64A0090E267 /* Settings.swift in Sources */,
				E05E0E3B2775AEEB00C3E1E0 /* WeatherViewModel.swift in Sources */,
				E0C428C927535BD800E65DFD /* MainViewController.swift in Sources */,
				E05E0E2E2773AC5100C3E1E0 /* CurrentWeatherWithForecastHourlyStackView.swift in Sources */,
				E0B8B63D276740C700CF5D09 /* GeoLocationReceiver.swift in Sources */,
				E0C428C527535BD800E65DFD /* main.swift in Sources */,
				E05E0E4327778F4D00C3E1E0 /* WeatherDataAutoUpdater.swift in Sources */,
				E05E0E2C27738B4D00C3E1E0 /* WeatherNationalAlertsView.swift in Sources */,
				E0D8253927A5A63400C710F8 /* LocalDataSaver.swift in Sources */,
			);
			runOnlyForDeploymentPostprocessing = 0;
		};
/* End PBXSourcesBuildPhase section */

/* Begin PBXTargetDependency section */
		E0AAF5D22755041600093229 /* PBXTargetDependency */ = {
			isa = PBXTargetDependency;
			target = E0C428C027535BD800E65DFD /* Weather */;
			targetProxy = E0AAF5D12755041600093229 /* PBXContainerItemProxy */;
		};
/* End PBXTargetDependency section */

/* Begin PBXVariantGroup section */
		E0C428CA27535BD800E65DFD /* MainViewController.storyboard */ = {
			isa = PBXVariantGroup;
			children = (
				E0C428CB27535BD800E65DFD /* Base */,
			);
			name = MainViewController.storyboard;
			sourceTree = "<group>";
		};
		E0C428CF27535BDD00E65DFD /* LaunchScreen.storyboard */ = {
			isa = PBXVariantGroup;
			children = (
				E0C428D027535BDD00E65DFD /* Base */,
			);
			name = LaunchScreen.storyboard;
			sourceTree = "<group>";
		};
		E0C841A1276125B80034E7F2 /* InfoPlist.strings */ = {
			isa = PBXVariantGroup;
			children = (
				E0C841A0276125B80034E7F2 /* en */,
				E0C841A2276125D60034E7F2 /* ru */,
			);
			name = InfoPlist.strings;
			sourceTree = "<group>";
		};
		E0C841AF27612A700034E7F2 /* Localizable.strings */ = {
			isa = PBXVariantGroup;
			children = (
				E0C841AE27612A700034E7F2 /* en */,
				E0C841B027612A750034E7F2 /* ru */,
			);
			name = Localizable.strings;
			sourceTree = "<group>";
		};
/* End PBXVariantGroup section */

/* Begin XCBuildConfiguration section */
		E0AAF5D32755041600093229 /* Debug */ = {
			isa = XCBuildConfiguration;
			baseConfigurationReference = 814B236C1CA4F2EF043FD7FE /* Pods-WeatherTests.debug.xcconfig */;
			buildSettings = {
				BUNDLE_LOADER = "$(TEST_HOST)";
				CODE_SIGN_STYLE = Automatic;
				DEVELOPMENT_TEAM = 6DRVN4F88C;
				INFOPLIST_FILE = WeatherTests/Info.plist;
				IPHONEOS_DEPLOYMENT_TARGET = 9.0;
				LD_RUNPATH_SEARCH_PATHS = (
					"$(inherited)",
					"@executable_path/Frameworks",
					"@loader_path/Frameworks",
				);
				PRODUCT_BUNDLE_IDENTIFIER = com.perseus.lab.WeatherTests;
				PRODUCT_NAME = "$(TARGET_NAME)";
				SWIFT_VERSION = 5.0;
				TARGETED_DEVICE_FAMILY = "1,2";
				TEST_HOST = "$(BUILT_PRODUCTS_DIR)/Weather.app/Weather";
			};
			name = Debug;
		};
		E0AAF5D42755041600093229 /* Release */ = {
			isa = XCBuildConfiguration;
			baseConfigurationReference = DB04A34D7ED2673D76A85A4C /* Pods-WeatherTests.release.xcconfig */;
			buildSettings = {
				BUNDLE_LOADER = "$(TEST_HOST)";
				CODE_SIGN_STYLE = Automatic;
				DEVELOPMENT_TEAM = 6DRVN4F88C;
				INFOPLIST_FILE = WeatherTests/Info.plist;
				IPHONEOS_DEPLOYMENT_TARGET = 9.0;
				LD_RUNPATH_SEARCH_PATHS = (
					"$(inherited)",
					"@executable_path/Frameworks",
					"@loader_path/Frameworks",
				);
				PRODUCT_BUNDLE_IDENTIFIER = com.perseus.lab.WeatherTests;
				PRODUCT_NAME = "$(TARGET_NAME)";
				SWIFT_VERSION = 5.0;
				TARGETED_DEVICE_FAMILY = "1,2";
				TEST_HOST = "$(BUILT_PRODUCTS_DIR)/Weather.app/Weather";
			};
			name = Release;
		};
		E0C428D327535BDD00E65DFD /* Debug */ = {
			isa = XCBuildConfiguration;
			buildSettings = {
				ALWAYS_SEARCH_USER_PATHS = NO;
				CLANG_ANALYZER_LOCALIZABILITY_NONLOCALIZED = YES;
				CLANG_ANALYZER_NONNULL = YES;
				CLANG_ANALYZER_NUMBER_OBJECT_CONVERSION = YES_AGGRESSIVE;
				CLANG_CXX_LANGUAGE_STANDARD = "gnu++14";
				CLANG_CXX_LIBRARY = "libc++";
				CLANG_ENABLE_MODULES = YES;
				CLANG_ENABLE_OBJC_ARC = YES;
				CLANG_ENABLE_OBJC_WEAK = YES;
				CLANG_WARN_BLOCK_CAPTURE_AUTORELEASING = YES;
				CLANG_WARN_BOOL_CONVERSION = YES;
				CLANG_WARN_COMMA = YES;
				CLANG_WARN_CONSTANT_CONVERSION = YES;
				CLANG_WARN_DEPRECATED_OBJC_IMPLEMENTATIONS = YES;
				CLANG_WARN_DIRECT_OBJC_ISA_USAGE = YES_ERROR;
				CLANG_WARN_DOCUMENTATION_COMMENTS = YES;
				CLANG_WARN_EMPTY_BODY = YES;
				CLANG_WARN_ENUM_CONVERSION = YES;
				CLANG_WARN_INFINITE_RECURSION = YES;
				CLANG_WARN_INT_CONVERSION = YES;
				CLANG_WARN_NON_LITERAL_NULL_CONVERSION = YES;
				CLANG_WARN_OBJC_IMPLICIT_RETAIN_SELF = YES;
				CLANG_WARN_OBJC_LITERAL_CONVERSION = YES;
				CLANG_WARN_OBJC_ROOT_CLASS = YES_ERROR;
				CLANG_WARN_QUOTED_INCLUDE_IN_FRAMEWORK_HEADER = YES;
				CLANG_WARN_RANGE_LOOP_ANALYSIS = YES;
				CLANG_WARN_STRICT_PROTOTYPES = YES;
				CLANG_WARN_SUSPICIOUS_MOVE = YES;
				CLANG_WARN_UNGUARDED_AVAILABILITY = YES_AGGRESSIVE;
				CLANG_WARN_UNREACHABLE_CODE = YES;
				CLANG_WARN__DUPLICATE_METHOD_MATCH = YES;
				COPY_PHASE_STRIP = NO;
				DEBUG_INFORMATION_FORMAT = dwarf;
				ENABLE_STRICT_OBJC_MSGSEND = YES;
				ENABLE_TESTABILITY = YES;
				GCC_C_LANGUAGE_STANDARD = gnu11;
				GCC_DYNAMIC_NO_PIC = NO;
				GCC_NO_COMMON_BLOCKS = YES;
				GCC_OPTIMIZATION_LEVEL = 0;
				GCC_PREPROCESSOR_DEFINITIONS = (
					"DEBUG=1",
					"$(inherited)",
				);
				GCC_WARN_64_TO_32_BIT_CONVERSION = YES;
				GCC_WARN_ABOUT_RETURN_TYPE = YES_ERROR;
				GCC_WARN_UNDECLARED_SELECTOR = YES;
				GCC_WARN_UNINITIALIZED_AUTOS = YES_AGGRESSIVE;
				GCC_WARN_UNUSED_FUNCTION = YES;
				GCC_WARN_UNUSED_VARIABLE = YES;
				IPHONEOS_DEPLOYMENT_TARGET = 9.0;
				MTL_ENABLE_DEBUG_INFO = INCLUDE_SOURCE;
				MTL_FAST_MATH = YES;
				ONLY_ACTIVE_ARCH = YES;
				SDKROOT = iphoneos;
				SWIFT_ACTIVE_COMPILATION_CONDITIONS = DEBUG;
				SWIFT_OPTIMIZATION_LEVEL = "-Onone";
			};
			name = Debug;
		};
		E0C428D427535BDD00E65DFD /* Release */ = {
			isa = XCBuildConfiguration;
			buildSettings = {
				ALWAYS_SEARCH_USER_PATHS = NO;
				CLANG_ANALYZER_LOCALIZABILITY_NONLOCALIZED = YES;
				CLANG_ANALYZER_NONNULL = YES;
				CLANG_ANALYZER_NUMBER_OBJECT_CONVERSION = YES_AGGRESSIVE;
				CLANG_CXX_LANGUAGE_STANDARD = "gnu++14";
				CLANG_CXX_LIBRARY = "libc++";
				CLANG_ENABLE_MODULES = YES;
				CLANG_ENABLE_OBJC_ARC = YES;
				CLANG_ENABLE_OBJC_WEAK = YES;
				CLANG_WARN_BLOCK_CAPTURE_AUTORELEASING = YES;
				CLANG_WARN_BOOL_CONVERSION = YES;
				CLANG_WARN_COMMA = YES;
				CLANG_WARN_CONSTANT_CONVERSION = YES;
				CLANG_WARN_DEPRECATED_OBJC_IMPLEMENTATIONS = YES;
				CLANG_WARN_DIRECT_OBJC_ISA_USAGE = YES_ERROR;
				CLANG_WARN_DOCUMENTATION_COMMENTS = YES;
				CLANG_WARN_EMPTY_BODY = YES;
				CLANG_WARN_ENUM_CONVERSION = YES;
				CLANG_WARN_INFINITE_RECURSION = YES;
				CLANG_WARN_INT_CONVERSION = YES;
				CLANG_WARN_NON_LITERAL_NULL_CONVERSION = YES;
				CLANG_WARN_OBJC_IMPLICIT_RETAIN_SELF = YES;
				CLANG_WARN_OBJC_LITERAL_CONVERSION = YES;
				CLANG_WARN_OBJC_ROOT_CLASS = YES_ERROR;
				CLANG_WARN_QUOTED_INCLUDE_IN_FRAMEWORK_HEADER = YES;
				CLANG_WARN_RANGE_LOOP_ANALYSIS = YES;
				CLANG_WARN_STRICT_PROTOTYPES = YES;
				CLANG_WARN_SUSPICIOUS_MOVE = YES;
				CLANG_WARN_UNGUARDED_AVAILABILITY = YES_AGGRESSIVE;
				CLANG_WARN_UNREACHABLE_CODE = YES;
				CLANG_WARN__DUPLICATE_METHOD_MATCH = YES;
				COPY_PHASE_STRIP = NO;
				DEBUG_INFORMATION_FORMAT = "dwarf-with-dsym";
				ENABLE_NS_ASSERTIONS = NO;
				ENABLE_STRICT_OBJC_MSGSEND = YES;
				GCC_C_LANGUAGE_STANDARD = gnu11;
				GCC_NO_COMMON_BLOCKS = YES;
				GCC_WARN_64_TO_32_BIT_CONVERSION = YES;
				GCC_WARN_ABOUT_RETURN_TYPE = YES_ERROR;
				GCC_WARN_UNDECLARED_SELECTOR = YES;
				GCC_WARN_UNINITIALIZED_AUTOS = YES_AGGRESSIVE;
				GCC_WARN_UNUSED_FUNCTION = YES;
				GCC_WARN_UNUSED_VARIABLE = YES;
				IPHONEOS_DEPLOYMENT_TARGET = 9.0;
				MTL_ENABLE_DEBUG_INFO = NO;
				MTL_FAST_MATH = YES;
				SDKROOT = iphoneos;
				SWIFT_COMPILATION_MODE = wholemodule;
				SWIFT_OPTIMIZATION_LEVEL = "-O";
				VALIDATE_PRODUCT = YES;
			};
			name = Release;
		};
		E0C428D627535BDD00E65DFD /* Debug */ = {
			isa = XCBuildConfiguration;
			baseConfigurationReference = 9950AD8345E4DE3D72D6166D /* Pods-Weather.debug.xcconfig */;
			buildSettings = {
				ASSETCATALOG_COMPILER_APPICON_NAME = AppIcon;
				ASSETCATALOG_COMPILER_GLOBAL_ACCENT_COLOR_NAME = AccentColor;
				CODE_SIGN_STYLE = Automatic;
				DEVELOPMENT_TEAM = 6DRVN4F88C;
				INFOPLIST_FILE = Weather/Configuration/Info.plist;
				LD_RUNPATH_SEARCH_PATHS = (
					"$(inherited)",
					"@executable_path/Frameworks",
				);
				PRODUCT_BUNDLE_IDENTIFIER = com.perseus.lab.weather;
				PRODUCT_NAME = "$(TARGET_NAME)";
				SWIFT_VERSION = 5.0;
				TARGETED_DEVICE_FAMILY = "1,2";
			};
			name = Debug;
		};
		E0C428D727535BDD00E65DFD /* Release */ = {
			isa = XCBuildConfiguration;
			baseConfigurationReference = D80B61D6DEDC5785F52F69EC /* Pods-Weather.release.xcconfig */;
			buildSettings = {
				ASSETCATALOG_COMPILER_APPICON_NAME = AppIcon;
				ASSETCATALOG_COMPILER_GLOBAL_ACCENT_COLOR_NAME = AccentColor;
				CODE_SIGN_STYLE = Automatic;
				DEVELOPMENT_TEAM = 6DRVN4F88C;
				INFOPLIST_FILE = Weather/Configuration/Info.plist;
				LD_RUNPATH_SEARCH_PATHS = (
					"$(inherited)",
					"@executable_path/Frameworks",
				);
				PRODUCT_BUNDLE_IDENTIFIER = com.perseus.lab.weather;
				PRODUCT_NAME = "$(TARGET_NAME)";
				SWIFT_VERSION = 5.0;
				TARGETED_DEVICE_FAMILY = "1,2";
			};
			name = Release;
		};
/* End XCBuildConfiguration section */

/* Begin XCConfigurationList section */
		E0AAF5D52755041600093229 /* Build configuration list for PBXNativeTarget "WeatherTests" */ = {
			isa = XCConfigurationList;
			buildConfigurations = (
				E0AAF5D32755041600093229 /* Debug */,
				E0AAF5D42755041600093229 /* Release */,
			);
			defaultConfigurationIsVisible = 0;
			defaultConfigurationName = Release;
		};
		E0C428BC27535BD800E65DFD /* Build configuration list for PBXProject "Weather" */ = {
			isa = XCConfigurationList;
			buildConfigurations = (
				E0C428D327535BDD00E65DFD /* Debug */,
				E0C428D427535BDD00E65DFD /* Release */,
			);
			defaultConfigurationIsVisible = 0;
			defaultConfigurationName = Release;
		};
		E0C428D527535BDD00E65DFD /* Build configuration list for PBXNativeTarget "Weather" */ = {
			isa = XCConfigurationList;
			buildConfigurations = (
				E0C428D627535BDD00E65DFD /* Debug */,
				E0C428D727535BDD00E65DFD /* Release */,
			);
			defaultConfigurationIsVisible = 0;
			defaultConfigurationName = Release;
		};
/* End XCConfigurationList section */
	};
	rootObject = E0C428B927535BD800E65DFD /* Project object */;
}
